// !$*UTF8*$!
{
	archiveVersion = 1;
	classes = {
	};
	objectVersion = 46;
	objects = {

/* Begin PBXBuildFile section */
		0C95D34F82A4B97A6F6711DA /* Pods_Stream_Savvy.framework in Frameworks */ = {isa = PBXBuildFile; fileRef = 6565779394F3C155499BC5F3 /* Pods_Stream_Savvy.framework */; };
		6C1C1F5EEFDAC478D7452535 /* Pods_Stream_SavvyUITests.framework in Frameworks */ = {isa = PBXBuildFile; fileRef = 95C6B4F6B12A07F183C8F7A0 /* Pods_Stream_SavvyUITests.framework */; };
		9F2810701D83B4B900158502 /* AuthTableViewController.m in Sources */ = {isa = PBXBuildFile; fileRef = 9F28106F1D83B4B900158502 /* AuthTableViewController.m */; };
		9F420FAC1DA3345400A89D87 /* LiveGuideDetailsViewController.m in Sources */ = {isa = PBXBuildFile; fileRef = 9F420FAB1DA3345400A89D87 /* LiveGuideDetailsViewController.m */; };
		9F5A4D341D5AE1D70057AF6D /* main.m in Sources */ = {isa = PBXBuildFile; fileRef = 9F5A4D331D5AE1D70057AF6D /* main.m */; };
		9F5A4D371D5AE1D70057AF6D /* AppDelegate.m in Sources */ = {isa = PBXBuildFile; fileRef = 9F5A4D361D5AE1D70057AF6D /* AppDelegate.m */; };
		9F5A4D3D1D5AE1D70057AF6D /* Main.storyboard in Resources */ = {isa = PBXBuildFile; fileRef = 9F5A4D3B1D5AE1D70057AF6D /* Main.storyboard */; };
		9F5A4D3F1D5AE1D70057AF6D /* Assets.xcassets in Resources */ = {isa = PBXBuildFile; fileRef = 9F5A4D3E1D5AE1D70057AF6D /* Assets.xcassets */; };
		9F5A4D421D5AE1D70057AF6D /* LaunchScreen.storyboard in Resources */ = {isa = PBXBuildFile; fileRef = 9F5A4D401D5AE1D70057AF6D /* LaunchScreen.storyboard */; };
		9F5A4D4D1D5AE1D70057AF6D /* Stream_SavvyTests.m in Sources */ = {isa = PBXBuildFile; fileRef = 9F5A4D4C1D5AE1D70057AF6D /* Stream_SavvyTests.m */; };
		9F5A4D581D5AE1D70057AF6D /* Stream_SavvyUITests.m in Sources */ = {isa = PBXBuildFile; fileRef = 9F5A4D571D5AE1D70057AF6D /* Stream_SavvyUITests.m */; };
		9FBC977E1D6B97E1004B6182 /* Channel.m in Sources */ = {isa = PBXBuildFile; fileRef = 9FBC977D1D6B97E1004B6182 /* Channel.m */; };
		9FBC97811D6BD742004B6182 /* PopularShow.m in Sources */ = {isa = PBXBuildFile; fileRef = 9FBC97801D6BD742004B6182 /* PopularShow.m */; };
		9FBC97851D6D32CB004B6182 /* GuideTableViewController.m in Sources */ = {isa = PBXBuildFile; fileRef = 9FBC97841D6D32CB004B6182 /* GuideTableViewController.m */; };
		9FC2960F1D766110005CB080 /* ShowDetailsTableViewController.m in Sources */ = {isa = PBXBuildFile; fileRef = 9FC2960E1D766110005CB080 /* ShowDetailsTableViewController.m */; };
		9FC296121D76621F005CB080 /* ShowDetailsTableViewCell.m in Sources */ = {isa = PBXBuildFile; fileRef = 9FC296111D76621F005CB080 /* ShowDetailsTableViewCell.m */; };
		9FC296151D76643F005CB080 /* MediaSourceTableViewCell.m in Sources */ = {isa = PBXBuildFile; fileRef = 9FC296141D76643F005CB080 /* MediaSourceTableViewCell.m */; };
		9FC296181D766F63005CB080 /* MediaSource.m in Sources */ = {isa = PBXBuildFile; fileRef = 9FC296171D766F63005CB080 /* MediaSource.m */; };
		9FC2961B1D774179005CB080 /* WebViewViewController.m in Sources */ = {isa = PBXBuildFile; fileRef = 9FC2961A1D774179005CB080 /* WebViewViewController.m */; };
		9FCF7D1C1D79B01A00B8538B /* CoreLocation.framework in Frameworks */ = {isa = PBXBuildFile; fileRef = 9FCF7D1B1D79B01A00B8538B /* CoreLocation.framework */; };
		9FE1B0431D6936210013DCB1 /* AFAPIClient.m in Sources */ = {isa = PBXBuildFile; fileRef = 9FE1B0361D6936210013DCB1 /* AFAPIClient.m */; };
		9FE1B0441D6936210013DCB1 /* Constants.m in Sources */ = {isa = PBXBuildFile; fileRef = 9FE1B0381D6936210013DCB1 /* Constants.m */; };
		9FE1B0451D6936210013DCB1 /* SDWebModel.m in Sources */ = {isa = PBXBuildFile; fileRef = 9FE1B0391D6936210013DCB1 /* SDWebModel.m */; };
		9FE1B0461D6936210013DCB1 /* TPKeyboardAvoidingScrollView.m in Sources */ = {isa = PBXBuildFile; fileRef = 9FE1B03C1D6936210013DCB1 /* TPKeyboardAvoidingScrollView.m */; };
		9FE1B0471D6936210013DCB1 /* UIScrollView+TPKeyboardAvoidingAdditions.m in Sources */ = {isa = PBXBuildFile; fileRef = 9FE1B03E1D6936210013DCB1 /* UIScrollView+TPKeyboardAvoidingAdditions.m */; };
		9FE1B0481D6936210013DCB1 /* UserLocation.m in Sources */ = {isa = PBXBuildFile; fileRef = 9FE1B0401D6936210013DCB1 /* UserLocation.m */; };
		9FE1B0491D6936210013DCB1 /* UserPrefs.m in Sources */ = {isa = PBXBuildFile; fileRef = 9FE1B0421D6936210013DCB1 /* UserPrefs.m */; };
		9FE1B04D1D693AE70013DCB1 /* LoginViewController.m in Sources */ = {isa = PBXBuildFile; fileRef = 9FE1B04C1D693AE70013DCB1 /* LoginViewController.m */; };
		9FE1B0501D693B160013DCB1 /* PopularShowTableViewController.m in Sources */ = {isa = PBXBuildFile; fileRef = 9FE1B04F1D693B160013DCB1 /* PopularShowTableViewController.m */; };
		9FE1B0531D693BDC0013DCB1 /* TopGridTableViewCell.m in Sources */ = {isa = PBXBuildFile; fileRef = 9FE1B0521D693BDC0013DCB1 /* TopGridTableViewCell.m */; };
		9FE1B05C1D6946410013DCB1 /* User.m in Sources */ = {isa = PBXBuildFile; fileRef = 9FE1B05B1D6946410013DCB1 /* User.m */; };
		9FE1B05F1D6A5CAC0013DCB1 /* Media.m in Sources */ = {isa = PBXBuildFile; fileRef = 9FE1B05E1D6A5CAC0013DCB1 /* Media.m */; };
		BD0D745D1D9A0E170012F184 /* Favorites.swift in Sources */ = {isa = PBXBuildFile; fileRef = BD0D745C1D9A0E170012F184 /* Favorites.swift */; };
		BD0D74611D9AB1120012F184 /* EpisodeCollectionViewController.swift in Sources */ = {isa = PBXBuildFile; fileRef = BD0D74601D9AB1120012F184 /* EpisodeCollectionViewController.swift */; };
		BD0D74631D9AB3BF0012F184 /* TestData.swift in Sources */ = {isa = PBXBuildFile; fileRef = BD0D74621D9AB3BF0012F184 /* TestData.swift */; };
		BD1834B11D8CD4C800B472E2 /* iCarousel.m in Sources */ = {isa = PBXBuildFile; fileRef = BD1834B01D8CD4C800B472E2 /* iCarousel.m */; };
		BD1834B41D8CD7FE00B472E2 /* FavoritesViewController.swift in Sources */ = {isa = PBXBuildFile; fileRef = BD1834B31D8CD7FE00B472E2 /* FavoritesViewController.swift */; };
		BD1834B61D8CDACE00B472E2 /* favorite.png in Resources */ = {isa = PBXBuildFile; fileRef = BD1834B51D8CDACE00B472E2 /* favorite.png */; };
		BD1CF92D1D989F21007E1EC2 /* PromiseKit.framework in Frameworks */ = {isa = PBXBuildFile; fileRef = BD1CF92C1D989F21007E1EC2 /* PromiseKit.framework */; };
		BD1CF92F1D98C142007E1EC2 /* ContentDetailViewController.swift in Sources */ = {isa = PBXBuildFile; fileRef = BD1CF92E1D98C142007E1EC2 /* ContentDetailViewController.swift */; };
		BD39ADF61DA230E20065F02F /* Common.swift in Sources */ = {isa = PBXBuildFile; fileRef = BD39ADF51DA230E20065F02F /* Common.swift */; };
		BD39ADF81DA2A39C0065F02F /* Dollar.framework in Frameworks */ = {isa = PBXBuildFile; fileRef = BD39ADF71DA2A39C0065F02F /* Dollar.framework */; };
		BD7076E81D8C8FC300F2B331 /* Foundation.framework in Frameworks */ = {isa = PBXBuildFile; fileRef = BD7076E71D8C8FC300F2B331 /* Foundation.framework */; };
		BD7076EA1D8C903200F2B331 /* UIKit.framework in Frameworks */ = {isa = PBXBuildFile; fileRef = BD7076E91D8C903200F2B331 /* UIKit.framework */; };
		BD862C901D9B648400C8FFF9 /* NSObjectExtensions.swift in Sources */ = {isa = PBXBuildFile; fileRef = BD862C8F1D9B648400C8FFF9 /* NSObjectExtensions.swift */; };
		BD921BDE1DA1E5960018DCFB /* Episodes.swift in Sources */ = {isa = PBXBuildFile; fileRef = BD921BDD1DA1E5960018DCFB /* Episodes.swift */; };
		BD921BFC1DA204A90018DCFB /* Gloss.framework in Frameworks */ = {isa = PBXBuildFile; fileRef = BD921BFB1DA204A90018DCFB /* Gloss.framework */; };
		BD95CAAE1D9039FB00BCEBE2 /* Content.swift in Sources */ = {isa = PBXBuildFile; fileRef = BD95CAAD1D9039FB00BCEBE2 /* Content.swift */; };
		BD95CAB01D9055D300BCEBE2 /* Alamofire.framework in Frameworks */ = {isa = PBXBuildFile; fileRef = BD95CAAF1D9055D300BCEBE2 /* Alamofire.framework */; };
		BDD2B7041DAD8FE800C77260 /* EpisodeCollectionViewCell.swift in Sources */ = {isa = PBXBuildFile; fileRef = BDD2B7031DAD8FE800C77260 /* EpisodeCollectionViewCell.swift */; };
		BDD2B7061DAD902500C77260 /* SeasonCollectionViewCell.swift in Sources */ = {isa = PBXBuildFile; fileRef = BDD2B7051DAD902500C77260 /* SeasonCollectionViewCell.swift */; };
		BDD2B7081DAD907F00C77260 /* DeepLinkCollectionViewCell.swift in Sources */ = {isa = PBXBuildFile; fileRef = BDD2B7071DAD907F00C77260 /* DeepLinkCollectionViewCell.swift */; };
		BDD2B70A1DAE052700C77260 /* Sources.swift in Sources */ = {isa = PBXBuildFile; fileRef = BDD2B7091DAE052700C77260 /* Sources.swift */; };
		BDE4C0711DA3E4460011996D /* LiveDetailViewController.swift in Sources */ = {isa = PBXBuildFile; fileRef = BDE4C0701DA3E4460011996D /* LiveDetailViewController.swift */; };
		BDE960461DA8AF5900E13C68 /* CarouselItem.swift in Sources */ = {isa = PBXBuildFile; fileRef = BDE960441DA8AF5900E13C68 /* CarouselItem.swift */; };
		BDE960471DA8AF5900E13C68 /* CarouselItem.xib in Resources */ = {isa = PBXBuildFile; fileRef = BDE960451DA8AF5900E13C68 /* CarouselItem.xib */; };
		BDE9604B1DA8B71600E13C68 /* Upload-50.png in Resources */ = {isa = PBXBuildFile; fileRef = BDE960481DA8B71600E13C68 /* Upload-50.png */; };
		BDE9604C1DA8B71600E13C68 /* Like Filled-50.png in Resources */ = {isa = PBXBuildFile; fileRef = BDE960491DA8B71600E13C68 /* Like Filled-50.png */; };
		BDE9604D1DA8B71600E13C68 /* Like-50.png in Resources */ = {isa = PBXBuildFile; fileRef = BDE9604A1DA8B71600E13C68 /* Like-50.png */; };
		C857130C64671CF46F86329D /* Pods_Stream_SavvyTests.framework in Frameworks */ = {isa = PBXBuildFile; fileRef = A7CB545BB365EAAB1C2B24E1 /* Pods_Stream_SavvyTests.framework */; };
/* End PBXBuildFile section */

/* Begin PBXContainerItemProxy section */
		9F5A4D491D5AE1D70057AF6D /* PBXContainerItemProxy */ = {
			isa = PBXContainerItemProxy;
			containerPortal = 9F5A4D271D5AE1D70057AF6D /* Project object */;
			proxyType = 1;
			remoteGlobalIDString = 9F5A4D2E1D5AE1D70057AF6D;
			remoteInfo = "Stream Savvy";
		};
		9F5A4D541D5AE1D70057AF6D /* PBXContainerItemProxy */ = {
			isa = PBXContainerItemProxy;
			containerPortal = 9F5A4D271D5AE1D70057AF6D /* Project object */;
			proxyType = 1;
			remoteGlobalIDString = 9F5A4D2E1D5AE1D70057AF6D;
			remoteInfo = "Stream Savvy";
		};
/* End PBXContainerItemProxy section */

/* Begin PBXFileReference section */
		0D65B6561D99A119651F7F64 /* Pods-Stream Savvy.release.xcconfig */ = {isa = PBXFileReference; includeInIndex = 1; lastKnownFileType = text.xcconfig; name = "Pods-Stream Savvy.release.xcconfig"; path = "Pods/Target Support Files/Pods-Stream Savvy/Pods-Stream Savvy.release.xcconfig"; sourceTree = "<group>"; };
		32CA91380ACED7930D7A54E5 /* Pods-Stream SavvyTests.debug.xcconfig */ = {isa = PBXFileReference; includeInIndex = 1; lastKnownFileType = text.xcconfig; name = "Pods-Stream SavvyTests.debug.xcconfig"; path = "Pods/Target Support Files/Pods-Stream SavvyTests/Pods-Stream SavvyTests.debug.xcconfig"; sourceTree = "<group>"; };
		5DA83903386DD48FEF1F9714 /* Pods-Stream SavvyUITests.release.xcconfig */ = {isa = PBXFileReference; includeInIndex = 1; lastKnownFileType = text.xcconfig; name = "Pods-Stream SavvyUITests.release.xcconfig"; path = "Pods/Target Support Files/Pods-Stream SavvyUITests/Pods-Stream SavvyUITests.release.xcconfig"; sourceTree = "<group>"; };
		649A5DDCEBAADA909648136B /* Pods-Stream Savvy.debug.xcconfig */ = {isa = PBXFileReference; includeInIndex = 1; lastKnownFileType = text.xcconfig; name = "Pods-Stream Savvy.debug.xcconfig"; path = "Pods/Target Support Files/Pods-Stream Savvy/Pods-Stream Savvy.debug.xcconfig"; sourceTree = "<group>"; };
		6565779394F3C155499BC5F3 /* Pods_Stream_Savvy.framework */ = {isa = PBXFileReference; explicitFileType = wrapper.framework; includeInIndex = 0; path = Pods_Stream_Savvy.framework; sourceTree = BUILT_PRODUCTS_DIR; };
		8D8C55DD2E8FC08821E8B008 /* Pods-Stream SavvyTests.release.xcconfig */ = {isa = PBXFileReference; includeInIndex = 1; lastKnownFileType = text.xcconfig; name = "Pods-Stream SavvyTests.release.xcconfig"; path = "Pods/Target Support Files/Pods-Stream SavvyTests/Pods-Stream SavvyTests.release.xcconfig"; sourceTree = "<group>"; };
		95C6B4F6B12A07F183C8F7A0 /* Pods_Stream_SavvyUITests.framework */ = {isa = PBXFileReference; explicitFileType = wrapper.framework; includeInIndex = 0; path = Pods_Stream_SavvyUITests.framework; sourceTree = BUILT_PRODUCTS_DIR; };
		9F28106E1D83B4B900158502 /* AuthTableViewController.h */ = {isa = PBXFileReference; fileEncoding = 4; lastKnownFileType = sourcecode.c.h; path = AuthTableViewController.h; sourceTree = "<group>"; };
		9F28106F1D83B4B900158502 /* AuthTableViewController.m */ = {isa = PBXFileReference; fileEncoding = 4; lastKnownFileType = sourcecode.c.objc; path = AuthTableViewController.m; sourceTree = "<group>"; };
		9F420FAA1DA3345400A89D87 /* LiveGuideDetailsViewController.h */ = {isa = PBXFileReference; fileEncoding = 4; lastKnownFileType = sourcecode.c.h; path = LiveGuideDetailsViewController.h; sourceTree = "<group>"; };
		9F420FAB1DA3345400A89D87 /* LiveGuideDetailsViewController.m */ = {isa = PBXFileReference; fileEncoding = 4; lastKnownFileType = sourcecode.c.objc; path = LiveGuideDetailsViewController.m; sourceTree = "<group>"; };
		9F5A4D2F1D5AE1D70057AF6D /* Stream Savvy.app */ = {isa = PBXFileReference; explicitFileType = wrapper.application; includeInIndex = 0; path = "Stream Savvy.app"; sourceTree = BUILT_PRODUCTS_DIR; };
		9F5A4D331D5AE1D70057AF6D /* main.m */ = {isa = PBXFileReference; lastKnownFileType = sourcecode.c.objc; path = main.m; sourceTree = "<group>"; };
		9F5A4D351D5AE1D70057AF6D /* AppDelegate.h */ = {isa = PBXFileReference; lastKnownFileType = sourcecode.c.h; path = AppDelegate.h; sourceTree = "<group>"; };
		9F5A4D361D5AE1D70057AF6D /* AppDelegate.m */ = {isa = PBXFileReference; lastKnownFileType = sourcecode.c.objc; path = AppDelegate.m; sourceTree = "<group>"; };
		9F5A4D3C1D5AE1D70057AF6D /* Base */ = {isa = PBXFileReference; lastKnownFileType = file.storyboard; name = Base; path = Base.lproj/Main.storyboard; sourceTree = "<group>"; };
		9F5A4D3E1D5AE1D70057AF6D /* Assets.xcassets */ = {isa = PBXFileReference; lastKnownFileType = folder.assetcatalog; path = Assets.xcassets; sourceTree = "<group>"; };
		9F5A4D411D5AE1D70057AF6D /* Base */ = {isa = PBXFileReference; lastKnownFileType = file.storyboard; name = Base; path = Base.lproj/LaunchScreen.storyboard; sourceTree = "<group>"; };
		9F5A4D431D5AE1D70057AF6D /* Info.plist */ = {isa = PBXFileReference; lastKnownFileType = text.plist.xml; path = Info.plist; sourceTree = "<group>"; };
		9F5A4D481D5AE1D70057AF6D /* Stream SavvyTests.xctest */ = {isa = PBXFileReference; explicitFileType = wrapper.cfbundle; includeInIndex = 0; path = "Stream SavvyTests.xctest"; sourceTree = BUILT_PRODUCTS_DIR; };
		9F5A4D4C1D5AE1D70057AF6D /* Stream_SavvyTests.m */ = {isa = PBXFileReference; lastKnownFileType = sourcecode.c.objc; path = Stream_SavvyTests.m; sourceTree = "<group>"; };
		9F5A4D4E1D5AE1D70057AF6D /* Info.plist */ = {isa = PBXFileReference; lastKnownFileType = text.plist.xml; path = Info.plist; sourceTree = "<group>"; };
		9F5A4D531D5AE1D70057AF6D /* Stream SavvyUITests.xctest */ = {isa = PBXFileReference; explicitFileType = wrapper.cfbundle; includeInIndex = 0; path = "Stream SavvyUITests.xctest"; sourceTree = BUILT_PRODUCTS_DIR; };
		9F5A4D571D5AE1D70057AF6D /* Stream_SavvyUITests.m */ = {isa = PBXFileReference; lastKnownFileType = sourcecode.c.objc; path = Stream_SavvyUITests.m; sourceTree = "<group>"; };
		9F5A4D591D5AE1D70057AF6D /* Info.plist */ = {isa = PBXFileReference; lastKnownFileType = text.plist.xml; path = Info.plist; sourceTree = "<group>"; };
		9FBC977C1D6B97E1004B6182 /* Channel.h */ = {isa = PBXFileReference; fileEncoding = 4; lastKnownFileType = sourcecode.c.h; path = Channel.h; sourceTree = "<group>"; };
		9FBC977D1D6B97E1004B6182 /* Channel.m */ = {isa = PBXFileReference; fileEncoding = 4; lastKnownFileType = sourcecode.c.objc; path = Channel.m; sourceTree = "<group>"; };
		9FBC977F1D6BD742004B6182 /* PopularShow.h */ = {isa = PBXFileReference; fileEncoding = 4; lastKnownFileType = sourcecode.c.h; path = PopularShow.h; sourceTree = "<group>"; };
		9FBC97801D6BD742004B6182 /* PopularShow.m */ = {isa = PBXFileReference; fileEncoding = 4; lastKnownFileType = sourcecode.c.objc; path = PopularShow.m; sourceTree = "<group>"; };
		9FBC97831D6D32CB004B6182 /* GuideTableViewController.h */ = {isa = PBXFileReference; fileEncoding = 4; lastKnownFileType = sourcecode.c.h; path = GuideTableViewController.h; sourceTree = "<group>"; };
		9FBC97841D6D32CB004B6182 /* GuideTableViewController.m */ = {isa = PBXFileReference; fileEncoding = 4; lastKnownFileType = sourcecode.c.objc; path = GuideTableViewController.m; sourceTree = "<group>"; };
		9FC2960D1D766110005CB080 /* ShowDetailsTableViewController.h */ = {isa = PBXFileReference; fileEncoding = 4; lastKnownFileType = sourcecode.c.h; path = ShowDetailsTableViewController.h; sourceTree = "<group>"; };
		9FC2960E1D766110005CB080 /* ShowDetailsTableViewController.m */ = {isa = PBXFileReference; fileEncoding = 4; lastKnownFileType = sourcecode.c.objc; path = ShowDetailsTableViewController.m; sourceTree = "<group>"; };
		9FC296101D76621F005CB080 /* ShowDetailsTableViewCell.h */ = {isa = PBXFileReference; fileEncoding = 4; lastKnownFileType = sourcecode.c.h; path = ShowDetailsTableViewCell.h; sourceTree = "<group>"; };
		9FC296111D76621F005CB080 /* ShowDetailsTableViewCell.m */ = {isa = PBXFileReference; fileEncoding = 4; lastKnownFileType = sourcecode.c.objc; path = ShowDetailsTableViewCell.m; sourceTree = "<group>"; };
		9FC296131D76643F005CB080 /* MediaSourceTableViewCell.h */ = {isa = PBXFileReference; fileEncoding = 4; lastKnownFileType = sourcecode.c.h; path = MediaSourceTableViewCell.h; sourceTree = "<group>"; };
		9FC296141D76643F005CB080 /* MediaSourceTableViewCell.m */ = {isa = PBXFileReference; fileEncoding = 4; lastKnownFileType = sourcecode.c.objc; path = MediaSourceTableViewCell.m; sourceTree = "<group>"; };
		9FC296161D766F63005CB080 /* MediaSource.h */ = {isa = PBXFileReference; fileEncoding = 4; lastKnownFileType = sourcecode.c.h; path = MediaSource.h; sourceTree = "<group>"; };
		9FC296171D766F63005CB080 /* MediaSource.m */ = {isa = PBXFileReference; fileEncoding = 4; lastKnownFileType = sourcecode.c.objc; path = MediaSource.m; sourceTree = "<group>"; };
		9FC296191D774179005CB080 /* WebViewViewController.h */ = {isa = PBXFileReference; fileEncoding = 4; lastKnownFileType = sourcecode.c.h; path = WebViewViewController.h; sourceTree = "<group>"; };
		9FC2961A1D774179005CB080 /* WebViewViewController.m */ = {isa = PBXFileReference; fileEncoding = 4; lastKnownFileType = sourcecode.c.objc; path = WebViewViewController.m; sourceTree = "<group>"; };
		9FCF7D1B1D79B01A00B8538B /* CoreLocation.framework */ = {isa = PBXFileReference; lastKnownFileType = wrapper.framework; name = CoreLocation.framework; path = System/Library/Frameworks/CoreLocation.framework; sourceTree = SDKROOT; };
		9FE1B0351D6936210013DCB1 /* AFAPIClient.h */ = {isa = PBXFileReference; fileEncoding = 4; lastKnownFileType = sourcecode.c.h; path = AFAPIClient.h; sourceTree = "<group>"; };
		9FE1B0361D6936210013DCB1 /* AFAPIClient.m */ = {isa = PBXFileReference; fileEncoding = 4; lastKnownFileType = sourcecode.c.objc; path = AFAPIClient.m; sourceTree = "<group>"; };
		9FE1B0371D6936210013DCB1 /* Constants.h */ = {isa = PBXFileReference; fileEncoding = 4; lastKnownFileType = sourcecode.c.h; path = Constants.h; sourceTree = "<group>"; };
		9FE1B0381D6936210013DCB1 /* Constants.m */ = {isa = PBXFileReference; fileEncoding = 4; lastKnownFileType = sourcecode.c.objc; path = Constants.m; sourceTree = "<group>"; };
		9FE1B0391D6936210013DCB1 /* SDWebModel.m */ = {isa = PBXFileReference; fileEncoding = 4; lastKnownFileType = sourcecode.c.objc; path = SDWebModel.m; sourceTree = "<group>"; };
		9FE1B03A1D6936210013DCB1 /* SDWebModel.h */ = {isa = PBXFileReference; fileEncoding = 4; lastKnownFileType = sourcecode.c.h; path = SDWebModel.h; sourceTree = "<group>"; };
		9FE1B03B1D6936210013DCB1 /* TPKeyboardAvoidingScrollView.h */ = {isa = PBXFileReference; fileEncoding = 4; lastKnownFileType = sourcecode.c.h; path = TPKeyboardAvoidingScrollView.h; sourceTree = "<group>"; };
		9FE1B03C1D6936210013DCB1 /* TPKeyboardAvoidingScrollView.m */ = {isa = PBXFileReference; fileEncoding = 4; lastKnownFileType = sourcecode.c.objc; path = TPKeyboardAvoidingScrollView.m; sourceTree = "<group>"; };
		9FE1B03D1D6936210013DCB1 /* UIScrollView+TPKeyboardAvoidingAdditions.h */ = {isa = PBXFileReference; fileEncoding = 4; lastKnownFileType = sourcecode.c.h; path = "UIScrollView+TPKeyboardAvoidingAdditions.h"; sourceTree = "<group>"; };
		9FE1B03E1D6936210013DCB1 /* UIScrollView+TPKeyboardAvoidingAdditions.m */ = {isa = PBXFileReference; fileEncoding = 4; lastKnownFileType = sourcecode.c.objc; path = "UIScrollView+TPKeyboardAvoidingAdditions.m"; sourceTree = "<group>"; };
		9FE1B03F1D6936210013DCB1 /* UserLocation.h */ = {isa = PBXFileReference; fileEncoding = 4; lastKnownFileType = sourcecode.c.h; path = UserLocation.h; sourceTree = "<group>"; };
		9FE1B0401D6936210013DCB1 /* UserLocation.m */ = {isa = PBXFileReference; fileEncoding = 4; lastKnownFileType = sourcecode.c.objc; path = UserLocation.m; sourceTree = "<group>"; };
		9FE1B0411D6936210013DCB1 /* UserPrefs.h */ = {isa = PBXFileReference; fileEncoding = 4; lastKnownFileType = sourcecode.c.h; path = UserPrefs.h; sourceTree = "<group>"; };
		9FE1B0421D6936210013DCB1 /* UserPrefs.m */ = {isa = PBXFileReference; fileEncoding = 4; lastKnownFileType = sourcecode.c.objc; path = UserPrefs.m; sourceTree = "<group>"; };
		9FE1B04B1D693AE70013DCB1 /* LoginViewController.h */ = {isa = PBXFileReference; fileEncoding = 4; lastKnownFileType = sourcecode.c.h; path = LoginViewController.h; sourceTree = "<group>"; };
		9FE1B04C1D693AE70013DCB1 /* LoginViewController.m */ = {isa = PBXFileReference; fileEncoding = 4; lastKnownFileType = sourcecode.c.objc; path = LoginViewController.m; sourceTree = "<group>"; };
		9FE1B04E1D693B160013DCB1 /* PopularShowTableViewController.h */ = {isa = PBXFileReference; fileEncoding = 4; lastKnownFileType = sourcecode.c.h; path = PopularShowTableViewController.h; sourceTree = "<group>"; };
		9FE1B04F1D693B160013DCB1 /* PopularShowTableViewController.m */ = {isa = PBXFileReference; fileEncoding = 4; lastKnownFileType = sourcecode.c.objc; path = PopularShowTableViewController.m; sourceTree = "<group>"; };
		9FE1B0511D693BDC0013DCB1 /* TopGridTableViewCell.h */ = {isa = PBXFileReference; fileEncoding = 4; lastKnownFileType = sourcecode.c.h; path = TopGridTableViewCell.h; sourceTree = "<group>"; };
		9FE1B0521D693BDC0013DCB1 /* TopGridTableViewCell.m */ = {isa = PBXFileReference; fileEncoding = 4; lastKnownFileType = sourcecode.c.objc; path = TopGridTableViewCell.m; sourceTree = "<group>"; };
		9FE1B05A1D6946410013DCB1 /* User.h */ = {isa = PBXFileReference; fileEncoding = 4; lastKnownFileType = sourcecode.c.h; path = User.h; sourceTree = "<group>"; };
		9FE1B05B1D6946410013DCB1 /* User.m */ = {isa = PBXFileReference; fileEncoding = 4; lastKnownFileType = sourcecode.c.objc; path = User.m; sourceTree = "<group>"; };
		9FE1B05D1D6A5CAC0013DCB1 /* Media.h */ = {isa = PBXFileReference; fileEncoding = 4; lastKnownFileType = sourcecode.c.h; path = Media.h; sourceTree = "<group>"; };
		9FE1B05E1D6A5CAC0013DCB1 /* Media.m */ = {isa = PBXFileReference; fileEncoding = 4; lastKnownFileType = sourcecode.c.objc; path = Media.m; sourceTree = "<group>"; };
		A7CB545BB365EAAB1C2B24E1 /* Pods_Stream_SavvyTests.framework */ = {isa = PBXFileReference; explicitFileType = wrapper.framework; includeInIndex = 0; path = Pods_Stream_SavvyTests.framework; sourceTree = BUILT_PRODUCTS_DIR; };
		B7AA43773FC467A7AA89322C /* Pods-Stream SavvyUITests.debug.xcconfig */ = {isa = PBXFileReference; includeInIndex = 1; lastKnownFileType = text.xcconfig; name = "Pods-Stream SavvyUITests.debug.xcconfig"; path = "Pods/Target Support Files/Pods-Stream SavvyUITests/Pods-Stream SavvyUITests.debug.xcconfig"; sourceTree = "<group>"; };
		BD0D745C1D9A0E170012F184 /* Favorites.swift */ = {isa = PBXFileReference; fileEncoding = 4; lastKnownFileType = sourcecode.swift; path = Favorites.swift; sourceTree = "<group>"; };
		BD0D745E1D9A48B90012F184 /* SwiftyJSON.framework */ = {isa = PBXFileReference; lastKnownFileType = wrapper.framework; name = SwiftyJSON.framework; path = "../Library/Developer/Xcode/DerivedData/Stream_Savvy-civrvpwfialygpdmozpqnbyzpedj/Build/Products/Debug-iphonesimulator/SwiftyJSON/SwiftyJSON.framework"; sourceTree = "<group>"; };
		BD0D74601D9AB1120012F184 /* EpisodeCollectionViewController.swift */ = {isa = PBXFileReference; fileEncoding = 4; lastKnownFileType = sourcecode.swift; path = EpisodeCollectionViewController.swift; sourceTree = "<group>"; };
		BD0D74621D9AB3BF0012F184 /* TestData.swift */ = {isa = PBXFileReference; fileEncoding = 4; lastKnownFileType = sourcecode.swift; path = TestData.swift; sourceTree = "<group>"; };
		BD1834AF1D8CD4C800B472E2 /* iCarousel.h */ = {isa = PBXFileReference; fileEncoding = 4; lastKnownFileType = sourcecode.c.h; path = iCarousel.h; sourceTree = "<group>"; };
		BD1834B01D8CD4C800B472E2 /* iCarousel.m */ = {isa = PBXFileReference; fileEncoding = 4; lastKnownFileType = sourcecode.c.objc; path = iCarousel.m; sourceTree = "<group>"; };
		BD1834B21D8CD7FE00B472E2 /* Stream Savvy-Bridging-Header.h */ = {isa = PBXFileReference; lastKnownFileType = sourcecode.c.h; path = "Stream Savvy-Bridging-Header.h"; sourceTree = "<group>"; };
		BD1834B31D8CD7FE00B472E2 /* FavoritesViewController.swift */ = {isa = PBXFileReference; fileEncoding = 4; lastKnownFileType = sourcecode.swift; path = FavoritesViewController.swift; sourceTree = "<group>"; };
		BD1834B51D8CDACE00B472E2 /* favorite.png */ = {isa = PBXFileReference; lastKnownFileType = image.png; path = favorite.png; sourceTree = "<group>"; };
		BD191FCA1D8792540098A8E6 /* ShowDetailsTableViewProtocol.h */ = {isa = PBXFileReference; fileEncoding = 4; lastKnownFileType = sourcecode.c.h; path = ShowDetailsTableViewProtocol.h; sourceTree = "<group>"; };
		BD1CF92C1D989F21007E1EC2 /* PromiseKit.framework */ = {isa = PBXFileReference; lastKnownFileType = wrapper.framework; name = PromiseKit.framework; path = "../Library/Developer/Xcode/DerivedData/Stream_Savvy-civrvpwfialygpdmozpqnbyzpedj/Build/Products/Debug-iphonesimulator/PromiseKit/PromiseKit.framework"; sourceTree = "<group>"; };
		BD1CF92E1D98C142007E1EC2 /* ContentDetailViewController.swift */ = {isa = PBXFileReference; fileEncoding = 4; lastKnownFileType = sourcecode.swift; path = ContentDetailViewController.swift; sourceTree = "<group>"; };
		BD39ADF51DA230E20065F02F /* Common.swift */ = {isa = PBXFileReference; fileEncoding = 4; lastKnownFileType = sourcecode.swift; path = Common.swift; sourceTree = "<group>"; };
		BD39ADF71DA2A39C0065F02F /* Dollar.framework */ = {isa = PBXFileReference; lastKnownFileType = wrapper.framework; name = Dollar.framework; path = "Pods/../build/Debug-iphoneos/Dollar/Dollar.framework"; sourceTree = "<group>"; };
		BD7076E71D8C8FC300F2B331 /* Foundation.framework */ = {isa = PBXFileReference; lastKnownFileType = wrapper.framework; name = Foundation.framework; path = System/Library/Frameworks/Foundation.framework; sourceTree = SDKROOT; };
		BD7076E91D8C903200F2B331 /* UIKit.framework */ = {isa = PBXFileReference; lastKnownFileType = wrapper.framework; name = UIKit.framework; path = System/Library/Frameworks/UIKit.framework; sourceTree = SDKROOT; };
		BD862C8F1D9B648400C8FFF9 /* NSObjectExtensions.swift */ = {isa = PBXFileReference; fileEncoding = 4; lastKnownFileType = sourcecode.swift; path = NSObjectExtensions.swift; sourceTree = "<group>"; };
		BD921BDD1DA1E5960018DCFB /* Episodes.swift */ = {isa = PBXFileReference; fileEncoding = 4; lastKnownFileType = sourcecode.swift; path = Episodes.swift; sourceTree = "<group>"; };
		BD921BF91DA1F8AB0018DCFB /* SwiftyJSON.framework */ = {isa = PBXFileReference; lastKnownFileType = wrapper.framework; name = SwiftyJSON.framework; path = "SwiftyJSON/build/Debug-iphoneos/SwiftyJSON.framework"; sourceTree = "<group>"; };
		BD921BFB1DA204A90018DCFB /* Gloss.framework */ = {isa = PBXFileReference; lastKnownFileType = wrapper.framework; name = Gloss.framework; path = "../Library/Developer/Xcode/DerivedData/Stream_Savvy-civrvpwfialygpdmozpqnbyzpedj/Build/Products/Debug-iphoneos/Gloss/Gloss.framework"; sourceTree = "<group>"; };
		BD95CAAD1D9039FB00BCEBE2 /* Content.swift */ = {isa = PBXFileReference; fileEncoding = 4; lastKnownFileType = sourcecode.swift; path = Content.swift; sourceTree = "<group>"; };
		BD95CAAF1D9055D300BCEBE2 /* Alamofire.framework */ = {isa = PBXFileReference; lastKnownFileType = wrapper.framework; name = Alamofire.framework; path = "Pods/../build/Debug-iphoneos/Alamofire/Alamofire.framework"; sourceTree = "<group>"; };
		BDD2B7031DAD8FE800C77260 /* EpisodeCollectionViewCell.swift */ = {isa = PBXFileReference; fileEncoding = 4; lastKnownFileType = sourcecode.swift; path = EpisodeCollectionViewCell.swift; sourceTree = "<group>"; };
		BDD2B7051DAD902500C77260 /* SeasonCollectionViewCell.swift */ = {isa = PBXFileReference; fileEncoding = 4; lastKnownFileType = sourcecode.swift; path = SeasonCollectionViewCell.swift; sourceTree = "<group>"; };
		BDD2B7071DAD907F00C77260 /* DeepLinkCollectionViewCell.swift */ = {isa = PBXFileReference; fileEncoding = 4; lastKnownFileType = sourcecode.swift; path = DeepLinkCollectionViewCell.swift; sourceTree = "<group>"; };
		BDD2B7091DAE052700C77260 /* Sources.swift */ = {isa = PBXFileReference; fileEncoding = 4; lastKnownFileType = sourcecode.swift; path = Sources.swift; sourceTree = "<group>"; };
		BDE4C0701DA3E4460011996D /* LiveDetailViewController.swift */ = {isa = PBXFileReference; fileEncoding = 4; lastKnownFileType = sourcecode.swift; path = LiveDetailViewController.swift; sourceTree = "<group>"; };
		BDE960441DA8AF5900E13C68 /* CarouselItem.swift */ = {isa = PBXFileReference; fileEncoding = 4; lastKnownFileType = sourcecode.swift; path = CarouselItem.swift; sourceTree = "<group>"; };
		BDE960451DA8AF5900E13C68 /* CarouselItem.xib */ = {isa = PBXFileReference; fileEncoding = 4; lastKnownFileType = file.xib; path = CarouselItem.xib; sourceTree = "<group>"; };
		BDE960481DA8B71600E13C68 /* Upload-50.png */ = {isa = PBXFileReference; lastKnownFileType = image.png; path = "Upload-50.png"; sourceTree = "<group>"; };
		BDE960491DA8B71600E13C68 /* Like Filled-50.png */ = {isa = PBXFileReference; lastKnownFileType = image.png; path = "Like Filled-50.png"; sourceTree = "<group>"; };
		BDE9604A1DA8B71600E13C68 /* Like-50.png */ = {isa = PBXFileReference; lastKnownFileType = image.png; path = "Like-50.png"; sourceTree = "<group>"; };
/* End PBXFileReference section */

/* Begin PBXFrameworksBuildPhase section */
		9F5A4D2C1D5AE1D70057AF6D /* Frameworks */ = {
			isa = PBXFrameworksBuildPhase;
			buildActionMask = 2147483647;
			files = (
				BD39ADF81DA2A39C0065F02F /* Dollar.framework in Frameworks */,
				BD921BFC1DA204A90018DCFB /* Gloss.framework in Frameworks */,
				BD1CF92D1D989F21007E1EC2 /* PromiseKit.framework in Frameworks */,
				BD7076EA1D8C903200F2B331 /* UIKit.framework in Frameworks */,
				BD7076E81D8C8FC300F2B331 /* Foundation.framework in Frameworks */,
				9FCF7D1C1D79B01A00B8538B /* CoreLocation.framework in Frameworks */,
				BD95CAB01D9055D300BCEBE2 /* Alamofire.framework in Frameworks */,
				0C95D34F82A4B97A6F6711DA /* Pods_Stream_Savvy.framework in Frameworks */,
			);
			runOnlyForDeploymentPostprocessing = 0;
		};
		9F5A4D451D5AE1D70057AF6D /* Frameworks */ = {
			isa = PBXFrameworksBuildPhase;
			buildActionMask = 2147483647;
			files = (
				C857130C64671CF46F86329D /* Pods_Stream_SavvyTests.framework in Frameworks */,
			);
			runOnlyForDeploymentPostprocessing = 0;
		};
		9F5A4D501D5AE1D70057AF6D /* Frameworks */ = {
			isa = PBXFrameworksBuildPhase;
			buildActionMask = 2147483647;
			files = (
				6C1C1F5EEFDAC478D7452535 /* Pods_Stream_SavvyUITests.framework in Frameworks */,
			);
			runOnlyForDeploymentPostprocessing = 0;
		};
/* End PBXFrameworksBuildPhase section */

/* Begin PBXGroup section */
		09CC489A0B343BA646159362 /* Frameworks */ = {
			isa = PBXGroup;
			children = (
				BD39ADF71DA2A39C0065F02F /* Dollar.framework */,
				BD921BFB1DA204A90018DCFB /* Gloss.framework */,
				BD921BF91DA1F8AB0018DCFB /* SwiftyJSON.framework */,
				BD0D745E1D9A48B90012F184 /* SwiftyJSON.framework */,
				BD1CF92C1D989F21007E1EC2 /* PromiseKit.framework */,
				BD95CAAF1D9055D300BCEBE2 /* Alamofire.framework */,
				BD7076E91D8C903200F2B331 /* UIKit.framework */,
				BD7076E71D8C8FC300F2B331 /* Foundation.framework */,
				9FCF7D1B1D79B01A00B8538B /* CoreLocation.framework */,
				6565779394F3C155499BC5F3 /* Pods_Stream_Savvy.framework */,
				A7CB545BB365EAAB1C2B24E1 /* Pods_Stream_SavvyTests.framework */,
				95C6B4F6B12A07F183C8F7A0 /* Pods_Stream_SavvyUITests.framework */,
			);
			name = Frameworks;
			sourceTree = "<group>";
		};
		83943D1475BB5B772307A073 /* Pods */ = {
			isa = PBXGroup;
			children = (
				649A5DDCEBAADA909648136B /* Pods-Stream Savvy.debug.xcconfig */,
				0D65B6561D99A119651F7F64 /* Pods-Stream Savvy.release.xcconfig */,
				32CA91380ACED7930D7A54E5 /* Pods-Stream SavvyTests.debug.xcconfig */,
				8D8C55DD2E8FC08821E8B008 /* Pods-Stream SavvyTests.release.xcconfig */,
				B7AA43773FC467A7AA89322C /* Pods-Stream SavvyUITests.debug.xcconfig */,
				5DA83903386DD48FEF1F9714 /* Pods-Stream SavvyUITests.release.xcconfig */,
			);
			name = Pods;
			sourceTree = "<group>";
		};
		9F5A4D261D5AE1D70057AF6D = {
			isa = PBXGroup;
			children = (
				9F5A4D311D5AE1D70057AF6D /* Stream Savvy */,
				9F5A4D4B1D5AE1D70057AF6D /* Stream SavvyTests */,
				9F5A4D561D5AE1D70057AF6D /* Stream SavvyUITests */,
				9F5A4D301D5AE1D70057AF6D /* Products */,
				09CC489A0B343BA646159362 /* Frameworks */,
				83943D1475BB5B772307A073 /* Pods */,
			);
			sourceTree = "<group>";
		};
		9F5A4D301D5AE1D70057AF6D /* Products */ = {
			isa = PBXGroup;
			children = (
				9F5A4D2F1D5AE1D70057AF6D /* Stream Savvy.app */,
				9F5A4D481D5AE1D70057AF6D /* Stream SavvyTests.xctest */,
				9F5A4D531D5AE1D70057AF6D /* Stream SavvyUITests.xctest */,
			);
			name = Products;
			sourceTree = "<group>";
		};
		9F5A4D311D5AE1D70057AF6D /* Stream Savvy */ = {
			isa = PBXGroup;
			children = (
				BD39ADF41DA230CA0065F02F /* Common */,
				BD862C8E1D9B642D00C8FFF9 /* Extensions */,
				BD1834AE1D8CD48500B472E2 /* iCarousel */,
				9F5A4D351D5AE1D70057AF6D /* AppDelegate.h */,
				9F5A4D361D5AE1D70057AF6D /* AppDelegate.m */,
				9F5A4D431D5AE1D70057AF6D /* Info.plist */,
				9FE1B01E1D6922550013DCB1 /* Model */,
				9FE1B01D1D6922400013DCB1 /* View */,
				9FE1B01F1D6922630013DCB1 /* Controller */,
				9F5A4D321D5AE1D70057AF6D /* Supporting Files */,
				BD0D74621D9AB3BF0012F184 /* TestData.swift */,
			);
			path = "Stream Savvy";
			sourceTree = "<group>";
		};
		9F5A4D321D5AE1D70057AF6D /* Supporting Files */ = {
			isa = PBXGroup;
			children = (
				BD1834B21D8CD7FE00B472E2 /* Stream Savvy-Bridging-Header.h */,
				9F5A4D331D5AE1D70057AF6D /* main.m */,
			);
			name = "Supporting Files";
			sourceTree = "<group>";
		};
		9F5A4D4B1D5AE1D70057AF6D /* Stream SavvyTests */ = {
			isa = PBXGroup;
			children = (
				9F5A4D4C1D5AE1D70057AF6D /* Stream_SavvyTests.m */,
				9F5A4D4E1D5AE1D70057AF6D /* Info.plist */,
			);
			path = "Stream SavvyTests";
			sourceTree = "<group>";
		};
		9F5A4D561D5AE1D70057AF6D /* Stream SavvyUITests */ = {
			isa = PBXGroup;
			children = (
				9F5A4D571D5AE1D70057AF6D /* Stream_SavvyUITests.m */,
				9F5A4D591D5AE1D70057AF6D /* Info.plist */,
			);
			path = "Stream SavvyUITests";
			sourceTree = "<group>";
		};
		9FBC97821D6D31DB004B6182 /* Login */ = {
			isa = PBXGroup;
			children = (
				9FE1B04E1D693B160013DCB1 /* PopularShowTableViewController.h */,
				9FE1B04B1D693AE70013DCB1 /* LoginViewController.h */,
				9FE1B04C1D693AE70013DCB1 /* LoginViewController.m */,
			);
			name = Login;
			sourceTree = "<group>";
		};
		9FE1B01D1D6922400013DCB1 /* View */ = {
			isa = PBXGroup;
			children = (
				9F5A4D3B1D5AE1D70057AF6D /* Main.storyboard */,
				9F5A4D3E1D5AE1D70057AF6D /* Assets.xcassets */,
				BDE960481DA8B71600E13C68 /* Upload-50.png */,
				BDE960491DA8B71600E13C68 /* Like Filled-50.png */,
				BDE9604A1DA8B71600E13C68 /* Like-50.png */,
				BD1834B51D8CDACE00B472E2 /* favorite.png */,
				9F5A4D401D5AE1D70057AF6D /* LaunchScreen.storyboard */,
				BDE960441DA8AF5900E13C68 /* CarouselItem.swift */,
				BDE960451DA8AF5900E13C68 /* CarouselItem.xib */,
			);
			name = View;
			sourceTree = "<group>";
		};
		9FE1B01E1D6922550013DCB1 /* Model */ = {
			isa = PBXGroup;
			children = (
				9FE1B0591D6946060013DCB1 /* StreamSavvyModels */,
				9FE1B0581D693DFF0013DCB1 /* Utility Belt */,
			);
			name = Model;
			sourceTree = "<group>";
		};
		9FE1B01F1D6922630013DCB1 /* Controller */ = {
			isa = PBXGroup;
			children = (
				BDD2B7021DAD8FA800C77260 /* CollectionViewCells */,
				9F420FAA1DA3345400A89D87 /* LiveGuideDetailsViewController.h */,
				9F420FAB1DA3345400A89D87 /* LiveGuideDetailsViewController.m */,
				9F28106E1D83B4B900158502 /* AuthTableViewController.h */,
				9F28106F1D83B4B900158502 /* AuthTableViewController.m */,
				9FE1B0571D693C060013DCB1 /* TableViewCells */,
				9FBC97821D6D31DB004B6182 /* Login */,
				9FE1B04F1D693B160013DCB1 /* PopularShowTableViewController.m */,
				9FBC97831D6D32CB004B6182 /* GuideTableViewController.h */,
				9FBC97841D6D32CB004B6182 /* GuideTableViewController.m */,
				9FC2960D1D766110005CB080 /* ShowDetailsTableViewController.h */,
				9FC2960E1D766110005CB080 /* ShowDetailsTableViewController.m */,
				BD191FCA1D8792540098A8E6 /* ShowDetailsTableViewProtocol.h */,
				9FC296191D774179005CB080 /* WebViewViewController.h */,
				9FC2961A1D774179005CB080 /* WebViewViewController.m */,
				BD1834B31D8CD7FE00B472E2 /* FavoritesViewController.swift */,
				BD1CF92E1D98C142007E1EC2 /* ContentDetailViewController.swift */,
				BD0D74601D9AB1120012F184 /* EpisodeCollectionViewController.swift */,
				BDE4C0701DA3E4460011996D /* LiveDetailViewController.swift */,
			);
			name = Controller;
			sourceTree = "<group>";
		};
		9FE1B04A1D69364F0013DCB1 /* TPKeyboardAvoid */ = {
			isa = PBXGroup;
			children = (
				9FE1B03B1D6936210013DCB1 /* TPKeyboardAvoidingScrollView.h */,
				9FE1B03C1D6936210013DCB1 /* TPKeyboardAvoidingScrollView.m */,
				9FE1B03D1D6936210013DCB1 /* UIScrollView+TPKeyboardAvoidingAdditions.h */,
				9FE1B03E1D6936210013DCB1 /* UIScrollView+TPKeyboardAvoidingAdditions.m */,
			);
			name = TPKeyboardAvoid;
			sourceTree = "<group>";
		};
		9FE1B0571D693C060013DCB1 /* TableViewCells */ = {
			isa = PBXGroup;
			children = (
				9FE1B0511D693BDC0013DCB1 /* TopGridTableViewCell.h */,
				9FE1B0521D693BDC0013DCB1 /* TopGridTableViewCell.m */,
				9FC296101D76621F005CB080 /* ShowDetailsTableViewCell.h */,
				9FC296111D76621F005CB080 /* ShowDetailsTableViewCell.m */,
				9FC296131D76643F005CB080 /* MediaSourceTableViewCell.h */,
				9FC296141D76643F005CB080 /* MediaSourceTableViewCell.m */,
			);
			name = TableViewCells;
			sourceTree = "<group>";
		};
		9FE1B0581D693DFF0013DCB1 /* Utility Belt */ = {
			isa = PBXGroup;
			children = (
				9FE1B04A1D69364F0013DCB1 /* TPKeyboardAvoid */,
				9FE1B0351D6936210013DCB1 /* AFAPIClient.h */,
				9FE1B0361D6936210013DCB1 /* AFAPIClient.m */,
				9FE1B0371D6936210013DCB1 /* Constants.h */,
				9FE1B0381D6936210013DCB1 /* Constants.m */,
				9FE1B03A1D6936210013DCB1 /* SDWebModel.h */,
				9FE1B0391D6936210013DCB1 /* SDWebModel.m */,
				9FE1B03F1D6936210013DCB1 /* UserLocation.h */,
				9FE1B0401D6936210013DCB1 /* UserLocation.m */,
				9FE1B0411D6936210013DCB1 /* UserPrefs.h */,
				9FE1B0421D6936210013DCB1 /* UserPrefs.m */,
			);
			name = "Utility Belt";
			sourceTree = "<group>";
		};
		9FE1B0591D6946060013DCB1 /* StreamSavvyModels */ = {
			isa = PBXGroup;
			children = (
				9FE1B05A1D6946410013DCB1 /* User.h */,
				9FE1B05B1D6946410013DCB1 /* User.m */,
				9FBC977C1D6B97E1004B6182 /* Channel.h */,
				9FBC977D1D6B97E1004B6182 /* Channel.m */,
				9FE1B05D1D6A5CAC0013DCB1 /* Media.h */,
				9FE1B05E1D6A5CAC0013DCB1 /* Media.m */,
				9FBC977F1D6BD742004B6182 /* PopularShow.h */,
				9FBC97801D6BD742004B6182 /* PopularShow.m */,
				9FC296161D766F63005CB080 /* MediaSource.h */,
				9FC296171D766F63005CB080 /* MediaSource.m */,
				BD95CAAD1D9039FB00BCEBE2 /* Content.swift */,
				BD0D745C1D9A0E170012F184 /* Favorites.swift */,
				BD921BDD1DA1E5960018DCFB /* Episodes.swift */,
				BDD2B7091DAE052700C77260 /* Sources.swift */,
			);
			name = StreamSavvyModels;
			sourceTree = "<group>";
		};
		BD1834AE1D8CD48500B472E2 /* iCarousel */ = {
			isa = PBXGroup;
			children = (
				BD1834AF1D8CD4C800B472E2 /* iCarousel.h */,
				BD1834B01D8CD4C800B472E2 /* iCarousel.m */,
			);
			name = iCarousel;
			sourceTree = "<group>";
		};
		BD39ADF41DA230CA0065F02F /* Common */ = {
			isa = PBXGroup;
			children = (
				BD39ADF51DA230E20065F02F /* Common.swift */,
			);
			name = Common;
			sourceTree = "<group>";
		};
		BD862C8E1D9B642D00C8FFF9 /* Extensions */ = {
			isa = PBXGroup;
			children = (
				BD862C8F1D9B648400C8FFF9 /* NSObjectExtensions.swift */,
			);
			name = Extensions;
			sourceTree = "<group>";
		};
		BDD2B7021DAD8FA800C77260 /* CollectionViewCells */ = {
			isa = PBXGroup;
			children = (
				BDD2B7031DAD8FE800C77260 /* EpisodeCollectionViewCell.swift */,
				BDD2B7051DAD902500C77260 /* SeasonCollectionViewCell.swift */,
				BDD2B7071DAD907F00C77260 /* DeepLinkCollectionViewCell.swift */,
			);
			name = CollectionViewCells;
			sourceTree = "<group>";
		};
/* End PBXGroup section */

/* Begin PBXNativeTarget section */
		9F5A4D2E1D5AE1D70057AF6D /* Stream Savvy */ = {
			isa = PBXNativeTarget;
			buildConfigurationList = 9F5A4D5C1D5AE1D70057AF6D /* Build configuration list for PBXNativeTarget "Stream Savvy" */;
			buildPhases = (
				ABED66482550BE913557675A /* [CP] Check Pods Manifest.lock */,
				9F5A4D2C1D5AE1D70057AF6D /* Frameworks */,
				51541C026DCD017D0EEB069D /* [CP] Embed Pods Frameworks */,
				9F5A4D2B1D5AE1D70057AF6D /* Sources */,
				9F5A4D2D1D5AE1D70057AF6D /* Resources */,
				CA6141874F47563BB7B20645 /* [CP] Copy Pods Resources */,
			);
			buildRules = (
			);
			dependencies = (
			);
			name = "Stream Savvy";
			productName = "Stream Savvy";
			productReference = 9F5A4D2F1D5AE1D70057AF6D /* Stream Savvy.app */;
			productType = "com.apple.product-type.application";
		};
		9F5A4D471D5AE1D70057AF6D /* Stream SavvyTests */ = {
			isa = PBXNativeTarget;
			buildConfigurationList = 9F5A4D5F1D5AE1D70057AF6D /* Build configuration list for PBXNativeTarget "Stream SavvyTests" */;
			buildPhases = (
				866F2CD431160ABAE3FE11C6 /* [CP] Check Pods Manifest.lock */,
				9F5A4D441D5AE1D70057AF6D /* Sources */,
				9F5A4D451D5AE1D70057AF6D /* Frameworks */,
				9F5A4D461D5AE1D70057AF6D /* Resources */,
				2DDC26DB522D8672A08A1CC5 /* [CP] Embed Pods Frameworks */,
				C31815736AB19BC4093B0C64 /* [CP] Copy Pods Resources */,
			);
			buildRules = (
			);
			dependencies = (
				9F5A4D4A1D5AE1D70057AF6D /* PBXTargetDependency */,
			);
			name = "Stream SavvyTests";
			productName = "Stream SavvyTests";
			productReference = 9F5A4D481D5AE1D70057AF6D /* Stream SavvyTests.xctest */;
			productType = "com.apple.product-type.bundle.unit-test";
		};
		9F5A4D521D5AE1D70057AF6D /* Stream SavvyUITests */ = {
			isa = PBXNativeTarget;
			buildConfigurationList = 9F5A4D621D5AE1D70057AF6D /* Build configuration list for PBXNativeTarget "Stream SavvyUITests" */;
			buildPhases = (
				D4B1B036983C3D3A7289542E /* [CP] Check Pods Manifest.lock */,
				9F5A4D4F1D5AE1D70057AF6D /* Sources */,
				9F5A4D501D5AE1D70057AF6D /* Frameworks */,
				9F5A4D511D5AE1D70057AF6D /* Resources */,
				D520E63B7A7F877C330F4F9F /* [CP] Copy Pods Resources */,
				E8E2BA338C71D2C3D907A4E0 /* [CP] Embed Pods Frameworks */,
			);
			buildRules = (
			);
			dependencies = (
				9F5A4D551D5AE1D70057AF6D /* PBXTargetDependency */,
			);
			name = "Stream SavvyUITests";
			productName = "Stream SavvyUITests";
			productReference = 9F5A4D531D5AE1D70057AF6D /* Stream SavvyUITests.xctest */;
			productType = "com.apple.product-type.bundle.ui-testing";
		};
/* End PBXNativeTarget section */

/* Begin PBXProject section */
		9F5A4D271D5AE1D70057AF6D /* Project object */ = {
			isa = PBXProject;
			attributes = {
				LastUpgradeCheck = 0800;
				ORGANIZATIONNAME = "Stream Savvy";
				TargetAttributes = {
					9F5A4D2E1D5AE1D70057AF6D = {
						CreatedOnToolsVersion = 7.3;
						DevelopmentTeam = XWQ3X4T33E;
						LastSwiftMigration = 0800;
					};
					9F5A4D471D5AE1D70057AF6D = {
						CreatedOnToolsVersion = 7.3;
						DevelopmentTeam = XWQ3X4T33E;
						LastSwiftMigration = 0800;
						TestTargetID = 9F5A4D2E1D5AE1D70057AF6D;
					};
					9F5A4D521D5AE1D70057AF6D = {
						CreatedOnToolsVersion = 7.3;
						DevelopmentTeam = XWQ3X4T33E;
						LastSwiftMigration = 0800;
						TestTargetID = 9F5A4D2E1D5AE1D70057AF6D;
					};
				};
			};
			buildConfigurationList = 9F5A4D2A1D5AE1D70057AF6D /* Build configuration list for PBXProject "Stream Savvy" */;
			compatibilityVersion = "Xcode 3.2";
			developmentRegion = English;
			hasScannedForEncodings = 0;
			knownRegions = (
				en,
				Base,
			);
			mainGroup = 9F5A4D261D5AE1D70057AF6D;
			productRefGroup = 9F5A4D301D5AE1D70057AF6D /* Products */;
			projectDirPath = "";
			projectRoot = "";
			targets = (
				9F5A4D2E1D5AE1D70057AF6D /* Stream Savvy */,
				9F5A4D471D5AE1D70057AF6D /* Stream SavvyTests */,
				9F5A4D521D5AE1D70057AF6D /* Stream SavvyUITests */,
			);
		};
/* End PBXProject section */

/* Begin PBXResourcesBuildPhase section */
		9F5A4D2D1D5AE1D70057AF6D /* Resources */ = {
			isa = PBXResourcesBuildPhase;
			buildActionMask = 2147483647;
			files = (
				BDE9604B1DA8B71600E13C68 /* Upload-50.png in Resources */,
				BDE9604D1DA8B71600E13C68 /* Like-50.png in Resources */,
				9F5A4D421D5AE1D70057AF6D /* LaunchScreen.storyboard in Resources */,
				9F5A4D3F1D5AE1D70057AF6D /* Assets.xcassets in Resources */,
				BDE9604C1DA8B71600E13C68 /* Like Filled-50.png in Resources */,
				9F5A4D3D1D5AE1D70057AF6D /* Main.storyboard in Resources */,
				BDE960471DA8AF5900E13C68 /* CarouselItem.xib in Resources */,
				BD1834B61D8CDACE00B472E2 /* favorite.png in Resources */,
			);
			runOnlyForDeploymentPostprocessing = 0;
		};
		9F5A4D461D5AE1D70057AF6D /* Resources */ = {
			isa = PBXResourcesBuildPhase;
			buildActionMask = 2147483647;
			files = (
			);
			runOnlyForDeploymentPostprocessing = 0;
		};
		9F5A4D511D5AE1D70057AF6D /* Resources */ = {
			isa = PBXResourcesBuildPhase;
			buildActionMask = 2147483647;
			files = (
			);
			runOnlyForDeploymentPostprocessing = 0;
		};
/* End PBXResourcesBuildPhase section */

/* Begin PBXShellScriptBuildPhase section */
		2DDC26DB522D8672A08A1CC5 /* [CP] Embed Pods Frameworks */ = {
			isa = PBXShellScriptBuildPhase;
			buildActionMask = 2147483647;
			files = (
			);
			inputPaths = (
			);
			name = "[CP] Embed Pods Frameworks";
			outputPaths = (
			);
			runOnlyForDeploymentPostprocessing = 0;
			shellPath = /bin/sh;
			shellScript = "\"${SRCROOT}/Pods/Target Support Files/Pods-Stream SavvyTests/Pods-Stream SavvyTests-frameworks.sh\"\n";
			showEnvVarsInLog = 0;
		};
		51541C026DCD017D0EEB069D /* [CP] Embed Pods Frameworks */ = {
			isa = PBXShellScriptBuildPhase;
			buildActionMask = 2147483647;
			files = (
			);
			inputPaths = (
			);
			name = "[CP] Embed Pods Frameworks";
			outputPaths = (
			);
			runOnlyForDeploymentPostprocessing = 0;
			shellPath = /bin/sh;
			shellScript = "\"${SRCROOT}/Pods/Target Support Files/Pods-Stream Savvy/Pods-Stream Savvy-frameworks.sh\"\n";
			showEnvVarsInLog = 0;
		};
		866F2CD431160ABAE3FE11C6 /* [CP] Check Pods Manifest.lock */ = {
			isa = PBXShellScriptBuildPhase;
			buildActionMask = 2147483647;
			files = (
			);
			inputPaths = (
			);
			name = "[CP] Check Pods Manifest.lock";
			outputPaths = (
			);
			runOnlyForDeploymentPostprocessing = 0;
			shellPath = /bin/sh;
			shellScript = "diff \"${PODS_ROOT}/../Podfile.lock\" \"${PODS_ROOT}/Manifest.lock\" > /dev/null\nif [ $? != 0 ] ; then\n    # print error to STDERR\n    echo \"error: The sandbox is not in sync with the Podfile.lock. Run 'pod install' or update your CocoaPods installation.\" >&2\n    exit 1\nfi\n";
			showEnvVarsInLog = 0;
		};
		ABED66482550BE913557675A /* [CP] Check Pods Manifest.lock */ = {
			isa = PBXShellScriptBuildPhase;
			buildActionMask = 2147483647;
			files = (
			);
			inputPaths = (
			);
			name = "[CP] Check Pods Manifest.lock";
			outputPaths = (
			);
			runOnlyForDeploymentPostprocessing = 0;
			shellPath = /bin/sh;
			shellScript = "diff \"${PODS_ROOT}/../Podfile.lock\" \"${PODS_ROOT}/Manifest.lock\" > /dev/null\nif [ $? != 0 ] ; then\n    # print error to STDERR\n    echo \"error: The sandbox is not in sync with the Podfile.lock. Run 'pod install' or update your CocoaPods installation.\" >&2\n    exit 1\nfi\n";
			showEnvVarsInLog = 0;
		};
		C31815736AB19BC4093B0C64 /* [CP] Copy Pods Resources */ = {
			isa = PBXShellScriptBuildPhase;
			buildActionMask = 2147483647;
			files = (
			);
			inputPaths = (
			);
			name = "[CP] Copy Pods Resources";
			outputPaths = (
			);
			runOnlyForDeploymentPostprocessing = 0;
			shellPath = /bin/sh;
			shellScript = "\"${SRCROOT}/Pods/Target Support Files/Pods-Stream SavvyTests/Pods-Stream SavvyTests-resources.sh\"\n";
			showEnvVarsInLog = 0;
		};
		CA6141874F47563BB7B20645 /* [CP] Copy Pods Resources */ = {
			isa = PBXShellScriptBuildPhase;
			buildActionMask = 2147483647;
			files = (
			);
			inputPaths = (
			);
			name = "[CP] Copy Pods Resources";
			outputPaths = (
			);
			runOnlyForDeploymentPostprocessing = 0;
			shellPath = /bin/sh;
			shellScript = "\"${SRCROOT}/Pods/Target Support Files/Pods-Stream Savvy/Pods-Stream Savvy-resources.sh\"\n";
			showEnvVarsInLog = 0;
		};
		D4B1B036983C3D3A7289542E /* [CP] Check Pods Manifest.lock */ = {
			isa = PBXShellScriptBuildPhase;
			buildActionMask = 2147483647;
			files = (
			);
			inputPaths = (
			);
			name = "[CP] Check Pods Manifest.lock";
			outputPaths = (
			);
			runOnlyForDeploymentPostprocessing = 0;
			shellPath = /bin/sh;
			shellScript = "diff \"${PODS_ROOT}/../Podfile.lock\" \"${PODS_ROOT}/Manifest.lock\" > /dev/null\nif [ $? != 0 ] ; then\n    # print error to STDERR\n    echo \"error: The sandbox is not in sync with the Podfile.lock. Run 'pod install' or update your CocoaPods installation.\" >&2\n    exit 1\nfi\n";
			showEnvVarsInLog = 0;
		};
		D520E63B7A7F877C330F4F9F /* [CP] Copy Pods Resources */ = {
			isa = PBXShellScriptBuildPhase;
			buildActionMask = 2147483647;
			files = (
			);
			inputPaths = (
			);
			name = "[CP] Copy Pods Resources";
			outputPaths = (
			);
			runOnlyForDeploymentPostprocessing = 0;
			shellPath = /bin/sh;
			shellScript = "\"${SRCROOT}/Pods/Target Support Files/Pods-Stream SavvyUITests/Pods-Stream SavvyUITests-resources.sh\"\n";
			showEnvVarsInLog = 0;
		};
		E8E2BA338C71D2C3D907A4E0 /* [CP] Embed Pods Frameworks */ = {
			isa = PBXShellScriptBuildPhase;
			buildActionMask = 2147483647;
			files = (
			);
			inputPaths = (
			);
			name = "[CP] Embed Pods Frameworks";
			outputPaths = (
			);
			runOnlyForDeploymentPostprocessing = 0;
			shellPath = /bin/sh;
			shellScript = "\"${SRCROOT}/Pods/Target Support Files/Pods-Stream SavvyUITests/Pods-Stream SavvyUITests-frameworks.sh\"\n";
			showEnvVarsInLog = 0;
		};
/* End PBXShellScriptBuildPhase section */

/* Begin PBXSourcesBuildPhase section */
		9F5A4D2B1D5AE1D70057AF6D /* Sources */ = {
			isa = PBXSourcesBuildPhase;
			buildActionMask = 2147483647;
			files = (
				9F420FAC1DA3345400A89D87 /* LiveGuideDetailsViewController.m in Sources */,
				9FBC97851D6D32CB004B6182 /* GuideTableViewController.m in Sources */,
				BDE960461DA8AF5900E13C68 /* CarouselItem.swift in Sources */,
				9F5A4D371D5AE1D70057AF6D /* AppDelegate.m in Sources */,
				9FC2961B1D774179005CB080 /* WebViewViewController.m in Sources */,
				BD0D74631D9AB3BF0012F184 /* TestData.swift in Sources */,
				BD39ADF61DA230E20065F02F /* Common.swift in Sources */,
				BDD2B7061DAD902500C77260 /* SeasonCollectionViewCell.swift in Sources */,
				BD1CF92F1D98C142007E1EC2 /* ContentDetailViewController.swift in Sources */,
				9FC2960F1D766110005CB080 /* ShowDetailsTableViewController.m in Sources */,
				9FE1B0481D6936210013DCB1 /* UserLocation.m in Sources */,
				9FE1B0431D6936210013DCB1 /* AFAPIClient.m in Sources */,
				BD862C901D9B648400C8FFF9 /* NSObjectExtensions.swift in Sources */,
				9F5A4D341D5AE1D70057AF6D /* main.m in Sources */,
				9FE1B04D1D693AE70013DCB1 /* LoginViewController.m in Sources */,
				BD1834B41D8CD7FE00B472E2 /* FavoritesViewController.swift in Sources */,
				9FE1B0471D6936210013DCB1 /* UIScrollView+TPKeyboardAvoidingAdditions.m in Sources */,
				9F2810701D83B4B900158502 /* AuthTableViewController.m in Sources */,
				9FE1B05F1D6A5CAC0013DCB1 /* Media.m in Sources */,
				9FE1B0531D693BDC0013DCB1 /* TopGridTableViewCell.m in Sources */,
				9FE1B0491D6936210013DCB1 /* UserPrefs.m in Sources */,
				BD921BDE1DA1E5960018DCFB /* Episodes.swift in Sources */,
				BDD2B7041DAD8FE800C77260 /* EpisodeCollectionViewCell.swift in Sources */,
				9FE1B05C1D6946410013DCB1 /* User.m in Sources */,
				9FE1B0461D6936210013DCB1 /* TPKeyboardAvoidingScrollView.m in Sources */,
				9FC296151D76643F005CB080 /* MediaSourceTableViewCell.m in Sources */,
				9FE1B0501D693B160013DCB1 /* PopularShowTableViewController.m in Sources */,
				BD95CAAE1D9039FB00BCEBE2 /* Content.swift in Sources */,
				BDE4C0711DA3E4460011996D /* LiveDetailViewController.swift in Sources */,
				9FBC977E1D6B97E1004B6182 /* Channel.m in Sources */,
				9FE1B0451D6936210013DCB1 /* SDWebModel.m in Sources */,
				9FBC97811D6BD742004B6182 /* PopularShow.m in Sources */,
				9FC296181D766F63005CB080 /* MediaSource.m in Sources */,
				BD1834B11D8CD4C800B472E2 /* iCarousel.m in Sources */,
				BD0D745D1D9A0E170012F184 /* Favorites.swift in Sources */,
				9FE1B0441D6936210013DCB1 /* Constants.m in Sources */,
				BDD2B70A1DAE052700C77260 /* Sources.swift in Sources */,
				BD0D74611D9AB1120012F184 /* EpisodeCollectionViewController.swift in Sources */,
				9FC296121D76621F005CB080 /* ShowDetailsTableViewCell.m in Sources */,
				BDD2B7081DAD907F00C77260 /* DeepLinkCollectionViewCell.swift in Sources */,
			);
			runOnlyForDeploymentPostprocessing = 0;
		};
		9F5A4D441D5AE1D70057AF6D /* Sources */ = {
			isa = PBXSourcesBuildPhase;
			buildActionMask = 2147483647;
			files = (
				9F5A4D4D1D5AE1D70057AF6D /* Stream_SavvyTests.m in Sources */,
			);
			runOnlyForDeploymentPostprocessing = 0;
		};
		9F5A4D4F1D5AE1D70057AF6D /* Sources */ = {
			isa = PBXSourcesBuildPhase;
			buildActionMask = 2147483647;
			files = (
				9F5A4D581D5AE1D70057AF6D /* Stream_SavvyUITests.m in Sources */,
			);
			runOnlyForDeploymentPostprocessing = 0;
		};
/* End PBXSourcesBuildPhase section */

/* Begin PBXTargetDependency section */
		9F5A4D4A1D5AE1D70057AF6D /* PBXTargetDependency */ = {
			isa = PBXTargetDependency;
			target = 9F5A4D2E1D5AE1D70057AF6D /* Stream Savvy */;
			targetProxy = 9F5A4D491D5AE1D70057AF6D /* PBXContainerItemProxy */;
		};
		9F5A4D551D5AE1D70057AF6D /* PBXTargetDependency */ = {
			isa = PBXTargetDependency;
			target = 9F5A4D2E1D5AE1D70057AF6D /* Stream Savvy */;
			targetProxy = 9F5A4D541D5AE1D70057AF6D /* PBXContainerItemProxy */;
		};
/* End PBXTargetDependency section */

/* Begin PBXVariantGroup section */
		9F5A4D3B1D5AE1D70057AF6D /* Main.storyboard */ = {
			isa = PBXVariantGroup;
			children = (
				9F5A4D3C1D5AE1D70057AF6D /* Base */,
			);
			name = Main.storyboard;
			sourceTree = "<group>";
		};
		9F5A4D401D5AE1D70057AF6D /* LaunchScreen.storyboard */ = {
			isa = PBXVariantGroup;
			children = (
				9F5A4D411D5AE1D70057AF6D /* Base */,
			);
			name = LaunchScreen.storyboard;
			sourceTree = "<group>";
		};
/* End PBXVariantGroup section */

/* Begin XCBuildConfiguration section */
		9F5A4D5A1D5AE1D70057AF6D /* Debug */ = {
			isa = XCBuildConfiguration;
			buildSettings = {
				ALWAYS_SEARCH_USER_PATHS = NO;
				CLANG_ANALYZER_NONNULL = YES;
				CLANG_CXX_LANGUAGE_STANDARD = "gnu++0x";
				CLANG_CXX_LIBRARY = "libc++";
				CLANG_ENABLE_MODULES = YES;
				CLANG_ENABLE_OBJC_ARC = YES;
				CLANG_WARN_BOOL_CONVERSION = YES;
				CLANG_WARN_CONSTANT_CONVERSION = YES;
				CLANG_WARN_DIRECT_OBJC_ISA_USAGE = YES_ERROR;
				CLANG_WARN_EMPTY_BODY = YES;
				CLANG_WARN_ENUM_CONVERSION = YES;
				CLANG_WARN_INFINITE_RECURSION = YES;
				CLANG_WARN_INT_CONVERSION = YES;
				CLANG_WARN_OBJC_ROOT_CLASS = YES_ERROR;
				CLANG_WARN_SUSPICIOUS_MOVE = YES;
				CLANG_WARN_UNREACHABLE_CODE = YES;
				CLANG_WARN__DUPLICATE_METHOD_MATCH = YES;
				CODE_SIGN_IDENTITY = "iPhone Developer";
				"CODE_SIGN_IDENTITY[sdk=iphoneos*]" = "iPhone Developer";
				COPY_PHASE_STRIP = NO;
				DEBUG_INFORMATION_FORMAT = dwarf;
				DEVELOPMENT_TEAM = XWQ3X4T33E;
				ENABLE_STRICT_OBJC_MSGSEND = YES;
				ENABLE_TESTABILITY = YES;
				GCC_C_LANGUAGE_STANDARD = gnu99;
				GCC_DYNAMIC_NO_PIC = NO;
				GCC_NO_COMMON_BLOCKS = YES;
				GCC_OPTIMIZATION_LEVEL = 0;
				GCC_PREPROCESSOR_DEFINITIONS = (
					"DEBUG=1",
					"$(inherited)",
				);
				GCC_WARN_64_TO_32_BIT_CONVERSION = YES;
				GCC_WARN_ABOUT_RETURN_TYPE = YES_ERROR;
				GCC_WARN_UNDECLARED_SELECTOR = YES;
				GCC_WARN_UNINITIALIZED_AUTOS = YES_AGGRESSIVE;
				GCC_WARN_UNUSED_FUNCTION = YES;
				GCC_WARN_UNUSED_VARIABLE = YES;
				IPHONEOS_DEPLOYMENT_TARGET = 9.3;
				MTL_ENABLE_DEBUG_INFO = YES;
				ONLY_ACTIVE_ARCH = YES;
				SDKROOT = iphoneos;
				SWIFT_VERSION = 3.0;
				TARGETED_DEVICE_FAMILY = "1,2";
			};
			name = Debug;
		};
		9F5A4D5B1D5AE1D70057AF6D /* Release */ = {
			isa = XCBuildConfiguration;
			buildSettings = {
				ALWAYS_SEARCH_USER_PATHS = NO;
				CLANG_ANALYZER_NONNULL = YES;
				CLANG_CXX_LANGUAGE_STANDARD = "gnu++0x";
				CLANG_CXX_LIBRARY = "libc++";
				CLANG_ENABLE_MODULES = YES;
				CLANG_ENABLE_OBJC_ARC = YES;
				CLANG_WARN_BOOL_CONVERSION = YES;
				CLANG_WARN_CONSTANT_CONVERSION = YES;
				CLANG_WARN_DIRECT_OBJC_ISA_USAGE = YES_ERROR;
				CLANG_WARN_EMPTY_BODY = YES;
				CLANG_WARN_ENUM_CONVERSION = YES;
				CLANG_WARN_INFINITE_RECURSION = YES;
				CLANG_WARN_INT_CONVERSION = YES;
				CLANG_WARN_OBJC_ROOT_CLASS = YES_ERROR;
				CLANG_WARN_SUSPICIOUS_MOVE = YES;
				CLANG_WARN_UNREACHABLE_CODE = YES;
				CLANG_WARN__DUPLICATE_METHOD_MATCH = YES;
				CODE_SIGN_IDENTITY = "iPhone Developer";
				"CODE_SIGN_IDENTITY[sdk=iphoneos*]" = "iPhone Developer";
				COPY_PHASE_STRIP = NO;
				DEBUG_INFORMATION_FORMAT = "dwarf-with-dsym";
				DEVELOPMENT_TEAM = XWQ3X4T33E;
				ENABLE_NS_ASSERTIONS = NO;
				ENABLE_STRICT_OBJC_MSGSEND = YES;
				GCC_C_LANGUAGE_STANDARD = gnu99;
				GCC_NO_COMMON_BLOCKS = YES;
				GCC_WARN_64_TO_32_BIT_CONVERSION = YES;
				GCC_WARN_ABOUT_RETURN_TYPE = YES_ERROR;
				GCC_WARN_UNDECLARED_SELECTOR = YES;
				GCC_WARN_UNINITIALIZED_AUTOS = YES_AGGRESSIVE;
				GCC_WARN_UNUSED_FUNCTION = YES;
				GCC_WARN_UNUSED_VARIABLE = YES;
				IPHONEOS_DEPLOYMENT_TARGET = 9.3;
				MTL_ENABLE_DEBUG_INFO = NO;
				SDKROOT = iphoneos;
				SWIFT_VERSION = 3.0;
				TARGETED_DEVICE_FAMILY = "1,2";
				VALIDATE_PRODUCT = YES;
			};
			name = Release;
		};
		9F5A4D5D1D5AE1D70057AF6D /* Debug */ = {
			isa = XCBuildConfiguration;
			baseConfigurationReference = 649A5DDCEBAADA909648136B /* Pods-Stream Savvy.debug.xcconfig */;
			buildSettings = {
				ASSETCATALOG_COMPILER_APPICON_NAME = AppIcon;
				CLANG_ENABLE_MODULES = YES;
				CODE_SIGN_IDENTITY = "iPhone Developer";
				"CODE_SIGN_IDENTITY[sdk=iphoneos*]" = "iPhone Developer";
				DEVELOPMENT_TEAM = XWQ3X4T33E;
				FRAMEWORK_SEARCH_PATHS = (
					"$(inherited)",
					"$(PROJECT_DIR)/build/Debug-iphoneos/Alamofire",
					"$(PROJECT_DIR)/SwiftyJSON/build/Debug-iphoneos",
					"$(PROJECT_DIR)/build/Debug-iphoneos/Dollar",
				);
				INFOPLIST_FILE = "Stream Savvy/Info.plist";
				IPHONEOS_DEPLOYMENT_TARGET = 9.3;
				LD_RUNPATH_SEARCH_PATHS = "$(inherited) @executable_path/Frameworks";
				PRODUCT_BUNDLE_IDENTIFIER = "com.stream-savvy.Stream-Savvy";
				PRODUCT_NAME = "$(TARGET_NAME)";
				PROVISIONING_PROFILE = "";
				SWIFT_OBJC_BRIDGING_HEADER = "Stream Savvy/Stream Savvy-Bridging-Header.h";
				SWIFT_OPTIMIZATION_LEVEL = "-Onone";
				SWIFT_VERSION = 3.0;
				TARGETED_DEVICE_FAMILY = 1;
			};
			name = Debug;
		};
		9F5A4D5E1D5AE1D70057AF6D /* Release */ = {
			isa = XCBuildConfiguration;
			baseConfigurationReference = 0D65B6561D99A119651F7F64 /* Pods-Stream Savvy.release.xcconfig */;
			buildSettings = {
				ASSETCATALOG_COMPILER_APPICON_NAME = AppIcon;
				CLANG_ENABLE_MODULES = YES;
				CODE_SIGN_IDENTITY = "iPhone Developer";
				"CODE_SIGN_IDENTITY[sdk=iphoneos*]" = "iPhone Developer";
				DEVELOPMENT_TEAM = XWQ3X4T33E;
				FRAMEWORK_SEARCH_PATHS = (
					"$(inherited)",
					"$(PROJECT_DIR)/build/Debug-iphoneos/Alamofire",
					"$(PROJECT_DIR)/SwiftyJSON/build/Debug-iphoneos",
					"$(PROJECT_DIR)/build/Debug-iphoneos/Dollar",
				);
				INFOPLIST_FILE = "Stream Savvy/Info.plist";
				IPHONEOS_DEPLOYMENT_TARGET = 9.3;
				LD_RUNPATH_SEARCH_PATHS = "$(inherited) @executable_path/Frameworks";
				PRODUCT_BUNDLE_IDENTIFIER = "com.stream-savvy.Stream-Savvy";
				PRODUCT_NAME = "$(TARGET_NAME)";
				PROVISIONING_PROFILE = "";
				RESOURCES_TARGETED_DEVICE_FAMILY = "";
				SWIFT_OBJC_BRIDGING_HEADER = "Stream Savvy/Stream Savvy-Bridging-Header.h";
				SWIFT_VERSION = 3.0;
				TARGETED_DEVICE_FAMILY = 1;
			};
			name = Release;
		};
		9F5A4D601D5AE1D70057AF6D /* Debug */ = {
			isa = XCBuildConfiguration;
			baseConfigurationReference = 32CA91380ACED7930D7A54E5 /* Pods-Stream SavvyTests.debug.xcconfig */;
			buildSettings = {
				ALWAYS_EMBED_SWIFT_STANDARD_LIBRARIES = YES;
				BUNDLE_LOADER = "$(TEST_HOST)";
				INFOPLIST_FILE = "Stream SavvyTests/Info.plist";
				LD_RUNPATH_SEARCH_PATHS = "$(inherited) @executable_path/Frameworks @loader_path/Frameworks";
				PRODUCT_BUNDLE_IDENTIFIER = "com.stream-savvy.Stream-SavvyTests";
				PRODUCT_NAME = "$(TARGET_NAME)";
				SWIFT_VERSION = 3.0;
				TEST_HOST = "$(BUILT_PRODUCTS_DIR)/Stream Savvy.app/Stream Savvy";
			};
			name = Debug;
		};
		9F5A4D611D5AE1D70057AF6D /* Release */ = {
			isa = XCBuildConfiguration;
			baseConfigurationReference = 8D8C55DD2E8FC08821E8B008 /* Pods-Stream SavvyTests.release.xcconfig */;
			buildSettings = {
				ALWAYS_EMBED_SWIFT_STANDARD_LIBRARIES = YES;
				BUNDLE_LOADER = "$(TEST_HOST)";
				INFOPLIST_FILE = "Stream SavvyTests/Info.plist";
				LD_RUNPATH_SEARCH_PATHS = "$(inherited) @executable_path/Frameworks @loader_path/Frameworks";
				PRODUCT_BUNDLE_IDENTIFIER = "com.stream-savvy.Stream-SavvyTests";
				PRODUCT_NAME = "$(TARGET_NAME)";
				SWIFT_VERSION = 3.0;
				TEST_HOST = "$(BUILT_PRODUCTS_DIR)/Stream Savvy.app/Stream Savvy";
			};
			name = Release;
		};
		9F5A4D631D5AE1D70057AF6D /* Debug */ = {
			isa = XCBuildConfiguration;
			baseConfigurationReference = B7AA43773FC467A7AA89322C /* Pods-Stream SavvyUITests.debug.xcconfig */;
			buildSettings = {
				ALWAYS_EMBED_SWIFT_STANDARD_LIBRARIES = YES;
				INFOPLIST_FILE = "Stream SavvyUITests/Info.plist";
				LD_RUNPATH_SEARCH_PATHS = "$(inherited) @executable_path/Frameworks @loader_path/Frameworks";
				PRODUCT_BUNDLE_IDENTIFIER = "com.stream-savvy.Stream-SavvyUITests";
				PRODUCT_NAME = "$(TARGET_NAME)";
				SWIFT_VERSION = 3.0;
				TEST_TARGET_NAME = "Stream Savvy";
			};
			name = Debug;
		};
		9F5A4D641D5AE1D70057AF6D /* Release */ = {
			isa = XCBuildConfiguration;
			baseConfigurationReference = 5DA83903386DD48FEF1F9714 /* Pods-Stream SavvyUITests.release.xcconfig */;
			buildSettings = {
				ALWAYS_EMBED_SWIFT_STANDARD_LIBRARIES = YES;
				INFOPLIST_FILE = "Stream SavvyUITests/Info.plist";
				LD_RUNPATH_SEARCH_PATHS = "$(inherited) @executable_path/Frameworks @loader_path/Frameworks";
				PRODUCT_BUNDLE_IDENTIFIER = "com.stream-savvy.Stream-SavvyUITests";
				PRODUCT_NAME = "$(TARGET_NAME)";
				SWIFT_VERSION = 3.0;
				TEST_TARGET_NAME = "Stream Savvy";
			};
			name = Release;
		};
/* End XCBuildConfiguration section */

/* Begin XCConfigurationList section */
		9F5A4D2A1D5AE1D70057AF6D /* Build configuration list for PBXProject "Stream Savvy" */ = {
			isa = XCConfigurationList;
			buildConfigurations = (
				9F5A4D5A1D5AE1D70057AF6D /* Debug */,
				9F5A4D5B1D5AE1D70057AF6D /* Release */,
			);
			defaultConfigurationIsVisible = 0;
			defaultConfigurationName = Release;
		};
		9F5A4D5C1D5AE1D70057AF6D /* Build configuration list for PBXNativeTarget "Stream Savvy" */ = {
			isa = XCConfigurationList;
			buildConfigurations = (
				9F5A4D5D1D5AE1D70057AF6D /* Debug */,
				9F5A4D5E1D5AE1D70057AF6D /* Release */,
			);
			defaultConfigurationIsVisible = 0;
			defaultConfigurationName = Release;
		};
		9F5A4D5F1D5AE1D70057AF6D /* Build configuration list for PBXNativeTarget "Stream SavvyTests" */ = {
			isa = XCConfigurationList;
			buildConfigurations = (
				9F5A4D601D5AE1D70057AF6D /* Debug */,
				9F5A4D611D5AE1D70057AF6D /* Release */,
			);
			defaultConfigurationIsVisible = 0;
			defaultConfigurationName = Release;
		};
		9F5A4D621D5AE1D70057AF6D /* Build configuration list for PBXNativeTarget "Stream SavvyUITests" */ = {
			isa = XCConfigurationList;
			buildConfigurations = (
				9F5A4D631D5AE1D70057AF6D /* Debug */,
				9F5A4D641D5AE1D70057AF6D /* Release */,
			);
			defaultConfigurationIsVisible = 0;
			defaultConfigurationName = Release;
		};
/* End XCConfigurationList section */
	};
	rootObject = 9F5A4D271D5AE1D70057AF6D /* Project object */;
}
