// !$*UTF8*$!
{
	archiveVersion = 1;
	classes = {
	};
	objectVersion = 46;
	objects = {

/* Begin PBXBuildFile section */
		9F5A4D341D5AE1D70057AF6D /* main.m in Sources */ = {isa = PBXBuildFile; fileRef = 9F5A4D331D5AE1D70057AF6D /* main.m */; };
		9F5A4D371D5AE1D70057AF6D /* AppDelegate.m in Sources */ = {isa = PBXBuildFile; fileRef = 9F5A4D361D5AE1D70057AF6D /* AppDelegate.m */; };
		9F5A4D3D1D5AE1D70057AF6D /* Main.storyboard in Resources */ = {isa = PBXBuildFile; fileRef = 9F5A4D3B1D5AE1D70057AF6D /* Main.storyboard */; };
		9F5A4D3F1D5AE1D70057AF6D /* Assets.xcassets in Resources */ = {isa = PBXBuildFile; fileRef = 9F5A4D3E1D5AE1D70057AF6D /* Assets.xcassets */; };
		9F5A4D421D5AE1D70057AF6D /* LaunchScreen.storyboard in Resources */ = {isa = PBXBuildFile; fileRef = 9F5A4D401D5AE1D70057AF6D /* LaunchScreen.storyboard */; };
		9F5A4D4D1D5AE1D70057AF6D /* Stream_SavvyTests.m in Sources */ = {isa = PBXBuildFile; fileRef = 9F5A4D4C1D5AE1D70057AF6D /* Stream_SavvyTests.m */; };
		9F5A4D581D5AE1D70057AF6D /* Stream_SavvyUITests.m in Sources */ = {isa = PBXBuildFile; fileRef = 9F5A4D571D5AE1D70057AF6D /* Stream_SavvyUITests.m */; };
		9FBC977E1D6B97E1004B6182 /* Channel.m in Sources */ = {isa = PBXBuildFile; fileRef = 9FBC977D1D6B97E1004B6182 /* Channel.m */; };
		9FBC97811D6BD742004B6182 /* PopularShow.m in Sources */ = {isa = PBXBuildFile; fileRef = 9FBC97801D6BD742004B6182 /* PopularShow.m */; };
		9FBC97851D6D32CB004B6182 /* GuideTableViewController.m in Sources */ = {isa = PBXBuildFile; fileRef = 9FBC97841D6D32CB004B6182 /* GuideTableViewController.m */; };
		9FE1B0431D6936210013DCB1 /* AFAPIClient.m in Sources */ = {isa = PBXBuildFile; fileRef = 9FE1B0361D6936210013DCB1 /* AFAPIClient.m */; };
		9FE1B0441D6936210013DCB1 /* Constants.m in Sources */ = {isa = PBXBuildFile; fileRef = 9FE1B0381D6936210013DCB1 /* Constants.m */; };
		9FE1B0451D6936210013DCB1 /* SDWebModel.m in Sources */ = {isa = PBXBuildFile; fileRef = 9FE1B0391D6936210013DCB1 /* SDWebModel.m */; };
		9FE1B0461D6936210013DCB1 /* TPKeyboardAvoidingScrollView.m in Sources */ = {isa = PBXBuildFile; fileRef = 9FE1B03C1D6936210013DCB1 /* TPKeyboardAvoidingScrollView.m */; };
		9FE1B0471D6936210013DCB1 /* UIScrollView+TPKeyboardAvoidingAdditions.m in Sources */ = {isa = PBXBuildFile; fileRef = 9FE1B03E1D6936210013DCB1 /* UIScrollView+TPKeyboardAvoidingAdditions.m */; };
		9FE1B0481D6936210013DCB1 /* UserLocation.m in Sources */ = {isa = PBXBuildFile; fileRef = 9FE1B0401D6936210013DCB1 /* UserLocation.m */; };
		9FE1B0491D6936210013DCB1 /* UserPrefs.m in Sources */ = {isa = PBXBuildFile; fileRef = 9FE1B0421D6936210013DCB1 /* UserPrefs.m */; };
		9FE1B04D1D693AE70013DCB1 /* LoginViewController.m in Sources */ = {isa = PBXBuildFile; fileRef = 9FE1B04C1D693AE70013DCB1 /* LoginViewController.m */; };
		9FE1B0501D693B160013DCB1 /* PopularShowTableViewController.m in Sources */ = {isa = PBXBuildFile; fileRef = 9FE1B04F1D693B160013DCB1 /* PopularShowTableViewController.m */; };
		9FE1B0531D693BDC0013DCB1 /* TopGridTableViewCell.m in Sources */ = {isa = PBXBuildFile; fileRef = 9FE1B0521D693BDC0013DCB1 /* TopGridTableViewCell.m */; };
		9FE1B0561D693BEB0013DCB1 /* RightGridTableViewCell.m in Sources */ = {isa = PBXBuildFile; fileRef = 9FE1B0551D693BEB0013DCB1 /* RightGridTableViewCell.m */; };
		9FE1B05C1D6946410013DCB1 /* User.m in Sources */ = {isa = PBXBuildFile; fileRef = 9FE1B05B1D6946410013DCB1 /* User.m */; };
		9FE1B05F1D6A5CAC0013DCB1 /* Media.m in Sources */ = {isa = PBXBuildFile; fileRef = 9FE1B05E1D6A5CAC0013DCB1 /* Media.m */; };
		F2F3D56B08996538B85A19C7 /* libPods-Stream Savvy.a in Frameworks */ = {isa = PBXBuildFile; fileRef = 2051076AFA3CD38B86A043A8 /* libPods-Stream Savvy.a */; };
/* End PBXBuildFile section */

/* Begin PBXContainerItemProxy section */
		9F5A4D491D5AE1D70057AF6D /* PBXContainerItemProxy */ = {
			isa = PBXContainerItemProxy;
			containerPortal = 9F5A4D271D5AE1D70057AF6D /* Project object */;
			proxyType = 1;
			remoteGlobalIDString = 9F5A4D2E1D5AE1D70057AF6D;
			remoteInfo = "Stream Savvy";
		};
		9F5A4D541D5AE1D70057AF6D /* PBXContainerItemProxy */ = {
			isa = PBXContainerItemProxy;
			containerPortal = 9F5A4D271D5AE1D70057AF6D /* Project object */;
			proxyType = 1;
			remoteGlobalIDString = 9F5A4D2E1D5AE1D70057AF6D;
			remoteInfo = "Stream Savvy";
		};
/* End PBXContainerItemProxy section */

/* Begin PBXFileReference section */
		2051076AFA3CD38B86A043A8 /* libPods-Stream Savvy.a */ = {isa = PBXFileReference; explicitFileType = archive.ar; includeInIndex = 0; path = "libPods-Stream Savvy.a"; sourceTree = BUILT_PRODUCTS_DIR; };
		9F5A4D2F1D5AE1D70057AF6D /* Stream Savvy.app */ = {isa = PBXFileReference; explicitFileType = wrapper.application; includeInIndex = 0; path = "Stream Savvy.app"; sourceTree = BUILT_PRODUCTS_DIR; };
		9F5A4D331D5AE1D70057AF6D /* main.m */ = {isa = PBXFileReference; lastKnownFileType = sourcecode.c.objc; path = main.m; sourceTree = "<group>"; };
		9F5A4D351D5AE1D70057AF6D /* AppDelegate.h */ = {isa = PBXFileReference; lastKnownFileType = sourcecode.c.h; path = AppDelegate.h; sourceTree = "<group>"; };
		9F5A4D361D5AE1D70057AF6D /* AppDelegate.m */ = {isa = PBXFileReference; lastKnownFileType = sourcecode.c.objc; path = AppDelegate.m; sourceTree = "<group>"; };
		9F5A4D3C1D5AE1D70057AF6D /* Base */ = {isa = PBXFileReference; lastKnownFileType = file.storyboard; name = Base; path = Base.lproj/Main.storyboard; sourceTree = "<group>"; };
		9F5A4D3E1D5AE1D70057AF6D /* Assets.xcassets */ = {isa = PBXFileReference; lastKnownFileType = folder.assetcatalog; path = Assets.xcassets; sourceTree = "<group>"; };
		9F5A4D411D5AE1D70057AF6D /* Base */ = {isa = PBXFileReference; lastKnownFileType = file.storyboard; name = Base; path = Base.lproj/LaunchScreen.storyboard; sourceTree = "<group>"; };
		9F5A4D431D5AE1D70057AF6D /* Info.plist */ = {isa = PBXFileReference; lastKnownFileType = text.plist.xml; path = Info.plist; sourceTree = "<group>"; };
		9F5A4D481D5AE1D70057AF6D /* Stream SavvyTests.xctest */ = {isa = PBXFileReference; explicitFileType = wrapper.cfbundle; includeInIndex = 0; path = "Stream SavvyTests.xctest"; sourceTree = BUILT_PRODUCTS_DIR; };
		9F5A4D4C1D5AE1D70057AF6D /* Stream_SavvyTests.m */ = {isa = PBXFileReference; lastKnownFileType = sourcecode.c.objc; path = Stream_SavvyTests.m; sourceTree = "<group>"; };
		9F5A4D4E1D5AE1D70057AF6D /* Info.plist */ = {isa = PBXFileReference; lastKnownFileType = text.plist.xml; path = Info.plist; sourceTree = "<group>"; };
		9F5A4D531D5AE1D70057AF6D /* Stream SavvyUITests.xctest */ = {isa = PBXFileReference; explicitFileType = wrapper.cfbundle; includeInIndex = 0; path = "Stream SavvyUITests.xctest"; sourceTree = BUILT_PRODUCTS_DIR; };
		9F5A4D571D5AE1D70057AF6D /* Stream_SavvyUITests.m */ = {isa = PBXFileReference; lastKnownFileType = sourcecode.c.objc; path = Stream_SavvyUITests.m; sourceTree = "<group>"; };
		9F5A4D591D5AE1D70057AF6D /* Info.plist */ = {isa = PBXFileReference; lastKnownFileType = text.plist.xml; path = Info.plist; sourceTree = "<group>"; };
		9FBC977C1D6B97E1004B6182 /* Channel.h */ = {isa = PBXFileReference; fileEncoding = 4; lastKnownFileType = sourcecode.c.h; path = Channel.h; sourceTree = "<group>"; };
		9FBC977D1D6B97E1004B6182 /* Channel.m */ = {isa = PBXFileReference; fileEncoding = 4; lastKnownFileType = sourcecode.c.objc; path = Channel.m; sourceTree = "<group>"; };
		9FBC977F1D6BD742004B6182 /* PopularShow.h */ = {isa = PBXFileReference; fileEncoding = 4; lastKnownFileType = sourcecode.c.h; path = PopularShow.h; sourceTree = "<group>"; };
		9FBC97801D6BD742004B6182 /* PopularShow.m */ = {isa = PBXFileReference; fileEncoding = 4; lastKnownFileType = sourcecode.c.objc; path = PopularShow.m; sourceTree = "<group>"; };
		9FBC97831D6D32CB004B6182 /* GuideTableViewController.h */ = {isa = PBXFileReference; fileEncoding = 4; lastKnownFileType = sourcecode.c.h; path = GuideTableViewController.h; sourceTree = "<group>"; };
		9FBC97841D6D32CB004B6182 /* GuideTableViewController.m */ = {isa = PBXFileReference; fileEncoding = 4; lastKnownFileType = sourcecode.c.objc; path = GuideTableViewController.m; sourceTree = "<group>"; };
		9FE1B0351D6936210013DCB1 /* AFAPIClient.h */ = {isa = PBXFileReference; fileEncoding = 4; lastKnownFileType = sourcecode.c.h; path = AFAPIClient.h; sourceTree = "<group>"; };
		9FE1B0361D6936210013DCB1 /* AFAPIClient.m */ = {isa = PBXFileReference; fileEncoding = 4; lastKnownFileType = sourcecode.c.objc; path = AFAPIClient.m; sourceTree = "<group>"; };
		9FE1B0371D6936210013DCB1 /* Constants.h */ = {isa = PBXFileReference; fileEncoding = 4; lastKnownFileType = sourcecode.c.h; path = Constants.h; sourceTree = "<group>"; };
		9FE1B0381D6936210013DCB1 /* Constants.m */ = {isa = PBXFileReference; fileEncoding = 4; lastKnownFileType = sourcecode.c.objc; path = Constants.m; sourceTree = "<group>"; };
		9FE1B0391D6936210013DCB1 /* SDWebModel.m */ = {isa = PBXFileReference; fileEncoding = 4; lastKnownFileType = sourcecode.c.objc; path = SDWebModel.m; sourceTree = "<group>"; };
		9FE1B03A1D6936210013DCB1 /* SDWebModel.h */ = {isa = PBXFileReference; fileEncoding = 4; lastKnownFileType = sourcecode.c.h; path = SDWebModel.h; sourceTree = "<group>"; };
		9FE1B03B1D6936210013DCB1 /* TPKeyboardAvoidingScrollView.h */ = {isa = PBXFileReference; fileEncoding = 4; lastKnownFileType = sourcecode.c.h; path = TPKeyboardAvoidingScrollView.h; sourceTree = "<group>"; };
		9FE1B03C1D6936210013DCB1 /* TPKeyboardAvoidingScrollView.m */ = {isa = PBXFileReference; fileEncoding = 4; lastKnownFileType = sourcecode.c.objc; path = TPKeyboardAvoidingScrollView.m; sourceTree = "<group>"; };
		9FE1B03D1D6936210013DCB1 /* UIScrollView+TPKeyboardAvoidingAdditions.h */ = {isa = PBXFileReference; fileEncoding = 4; lastKnownFileType = sourcecode.c.h; path = "UIScrollView+TPKeyboardAvoidingAdditions.h"; sourceTree = "<group>"; };
		9FE1B03E1D6936210013DCB1 /* UIScrollView+TPKeyboardAvoidingAdditions.m */ = {isa = PBXFileReference; fileEncoding = 4; lastKnownFileType = sourcecode.c.objc; path = "UIScrollView+TPKeyboardAvoidingAdditions.m"; sourceTree = "<group>"; };
		9FE1B03F1D6936210013DCB1 /* UserLocation.h */ = {isa = PBXFileReference; fileEncoding = 4; lastKnownFileType = sourcecode.c.h; path = UserLocation.h; sourceTree = "<group>"; };
		9FE1B0401D6936210013DCB1 /* UserLocation.m */ = {isa = PBXFileReference; fileEncoding = 4; lastKnownFileType = sourcecode.c.objc; path = UserLocation.m; sourceTree = "<group>"; };
		9FE1B0411D6936210013DCB1 /* UserPrefs.h */ = {isa = PBXFileReference; fileEncoding = 4; lastKnownFileType = sourcecode.c.h; path = UserPrefs.h; sourceTree = "<group>"; };
		9FE1B0421D6936210013DCB1 /* UserPrefs.m */ = {isa = PBXFileReference; fileEncoding = 4; lastKnownFileType = sourcecode.c.objc; path = UserPrefs.m; sourceTree = "<group>"; };
		9FE1B04B1D693AE70013DCB1 /* LoginViewController.h */ = {isa = PBXFileReference; fileEncoding = 4; lastKnownFileType = sourcecode.c.h; path = LoginViewController.h; sourceTree = "<group>"; };
		9FE1B04C1D693AE70013DCB1 /* LoginViewController.m */ = {isa = PBXFileReference; fileEncoding = 4; lastKnownFileType = sourcecode.c.objc; path = LoginViewController.m; sourceTree = "<group>"; };
		9FE1B04E1D693B160013DCB1 /* PopularShowTableViewController.h */ = {isa = PBXFileReference; fileEncoding = 4; lastKnownFileType = sourcecode.c.h; path = PopularShowTableViewController.h; sourceTree = "<group>"; };
		9FE1B04F1D693B160013DCB1 /* PopularShowTableViewController.m */ = {isa = PBXFileReference; fileEncoding = 4; lastKnownFileType = sourcecode.c.objc; path = PopularShowTableViewController.m; sourceTree = "<group>"; };
		9FE1B0511D693BDC0013DCB1 /* TopGridTableViewCell.h */ = {isa = PBXFileReference; fileEncoding = 4; lastKnownFileType = sourcecode.c.h; path = TopGridTableViewCell.h; sourceTree = "<group>"; };
		9FE1B0521D693BDC0013DCB1 /* TopGridTableViewCell.m */ = {isa = PBXFileReference; fileEncoding = 4; lastKnownFileType = sourcecode.c.objc; path = TopGridTableViewCell.m; sourceTree = "<group>"; };
		9FE1B0541D693BEB0013DCB1 /* RightGridTableViewCell.h */ = {isa = PBXFileReference; fileEncoding = 4; lastKnownFileType = sourcecode.c.h; path = RightGridTableViewCell.h; sourceTree = "<group>"; };
		9FE1B0551D693BEB0013DCB1 /* RightGridTableViewCell.m */ = {isa = PBXFileReference; fileEncoding = 4; lastKnownFileType = sourcecode.c.objc; path = RightGridTableViewCell.m; sourceTree = "<group>"; };
		9FE1B05A1D6946410013DCB1 /* User.h */ = {isa = PBXFileReference; fileEncoding = 4; lastKnownFileType = sourcecode.c.h; path = User.h; sourceTree = "<group>"; };
		9FE1B05B1D6946410013DCB1 /* User.m */ = {isa = PBXFileReference; fileEncoding = 4; lastKnownFileType = sourcecode.c.objc; path = User.m; sourceTree = "<group>"; };
		9FE1B05D1D6A5CAC0013DCB1 /* Media.h */ = {isa = PBXFileReference; fileEncoding = 4; lastKnownFileType = sourcecode.c.h; path = Media.h; sourceTree = "<group>"; };
		9FE1B05E1D6A5CAC0013DCB1 /* Media.m */ = {isa = PBXFileReference; fileEncoding = 4; lastKnownFileType = sourcecode.c.objc; path = Media.m; sourceTree = "<group>"; };
		AD86C8E948DCA6039C21A703 /* Pods-Stream Savvy.debug.xcconfig */ = {isa = PBXFileReference; includeInIndex = 1; lastKnownFileType = text.xcconfig; name = "Pods-Stream Savvy.debug.xcconfig"; path = "Pods/Target Support Files/Pods-Stream Savvy/Pods-Stream Savvy.debug.xcconfig"; sourceTree = "<group>"; };
		B83CDA3621D095560B3C5333 /* Pods-Stream Savvy.release.xcconfig */ = {isa = PBXFileReference; includeInIndex = 1; lastKnownFileType = text.xcconfig; name = "Pods-Stream Savvy.release.xcconfig"; path = "Pods/Target Support Files/Pods-Stream Savvy/Pods-Stream Savvy.release.xcconfig"; sourceTree = "<group>"; };
/* End PBXFileReference section */

/* Begin PBXFrameworksBuildPhase section */
		9F5A4D2C1D5AE1D70057AF6D /* Frameworks */ = {
			isa = PBXFrameworksBuildPhase;
			buildActionMask = 2147483647;
			files = (
				F2F3D56B08996538B85A19C7 /* libPods-Stream Savvy.a in Frameworks */,
			);
			runOnlyForDeploymentPostprocessing = 0;
		};
		9F5A4D451D5AE1D70057AF6D /* Frameworks */ = {
			isa = PBXFrameworksBuildPhase;
			buildActionMask = 2147483647;
			files = (
			);
			runOnlyForDeploymentPostprocessing = 0;
		};
		9F5A4D501D5AE1D70057AF6D /* Frameworks */ = {
			isa = PBXFrameworksBuildPhase;
			buildActionMask = 2147483647;
			files = (
			);
			runOnlyForDeploymentPostprocessing = 0;
		};
/* End PBXFrameworksBuildPhase section */

/* Begin PBXGroup section */
		09CC489A0B343BA646159362 /* Frameworks */ = {
			isa = PBXGroup;
			children = (
				2051076AFA3CD38B86A043A8 /* libPods-Stream Savvy.a */,
			);
			name = Frameworks;
			sourceTree = "<group>";
		};
		9F5A4D261D5AE1D70057AF6D = {
			isa = PBXGroup;
			children = (
				9F5A4D311D5AE1D70057AF6D /* Stream Savvy */,
				9F5A4D4B1D5AE1D70057AF6D /* Stream SavvyTests */,
				9F5A4D561D5AE1D70057AF6D /* Stream SavvyUITests */,
				9F5A4D301D5AE1D70057AF6D /* Products */,
				E502CC833A494C6559F7EB31 /* Pods */,
				09CC489A0B343BA646159362 /* Frameworks */,
			);
			sourceTree = "<group>";
		};
		9F5A4D301D5AE1D70057AF6D /* Products */ = {
			isa = PBXGroup;
			children = (
				9F5A4D2F1D5AE1D70057AF6D /* Stream Savvy.app */,
				9F5A4D481D5AE1D70057AF6D /* Stream SavvyTests.xctest */,
				9F5A4D531D5AE1D70057AF6D /* Stream SavvyUITests.xctest */,
			);
			name = Products;
			sourceTree = "<group>";
		};
		9F5A4D311D5AE1D70057AF6D /* Stream Savvy */ = {
			isa = PBXGroup;
			children = (
				9F5A4D351D5AE1D70057AF6D /* AppDelegate.h */,
				9F5A4D361D5AE1D70057AF6D /* AppDelegate.m */,
				9F5A4D431D5AE1D70057AF6D /* Info.plist */,
				9FE1B01E1D6922550013DCB1 /* Model */,
				9FE1B01D1D6922400013DCB1 /* View */,
				9FE1B01F1D6922630013DCB1 /* Controller */,
				9F5A4D321D5AE1D70057AF6D /* Supporting Files */,
			);
			path = "Stream Savvy";
			sourceTree = "<group>";
		};
		9F5A4D321D5AE1D70057AF6D /* Supporting Files */ = {
			isa = PBXGroup;
			children = (
				9F5A4D331D5AE1D70057AF6D /* main.m */,
			);
			name = "Supporting Files";
			sourceTree = "<group>";
		};
		9F5A4D4B1D5AE1D70057AF6D /* Stream SavvyTests */ = {
			isa = PBXGroup;
			children = (
				9F5A4D4C1D5AE1D70057AF6D /* Stream_SavvyTests.m */,
				9F5A4D4E1D5AE1D70057AF6D /* Info.plist */,
			);
			path = "Stream SavvyTests";
			sourceTree = "<group>";
		};
		9F5A4D561D5AE1D70057AF6D /* Stream SavvyUITests */ = {
			isa = PBXGroup;
			children = (
				9F5A4D571D5AE1D70057AF6D /* Stream_SavvyUITests.m */,
				9F5A4D591D5AE1D70057AF6D /* Info.plist */,
			);
			path = "Stream SavvyUITests";
			sourceTree = "<group>";
		};
		9FBC97821D6D31DB004B6182 /* Login */ = {
			isa = PBXGroup;
			children = (
				9FE1B04B1D693AE70013DCB1 /* LoginViewController.h */,
				9FE1B04C1D693AE70013DCB1 /* LoginViewController.m */,
			);
			name = Login;
			sourceTree = "<group>";
		};
		9FE1B01D1D6922400013DCB1 /* View */ = {
			isa = PBXGroup;
			children = (
				9F5A4D3B1D5AE1D70057AF6D /* Main.storyboard */,
				9F5A4D3E1D5AE1D70057AF6D /* Assets.xcassets */,
				9F5A4D401D5AE1D70057AF6D /* LaunchScreen.storyboard */,
			);
			name = View;
			sourceTree = "<group>";
		};
		9FE1B01E1D6922550013DCB1 /* Model */ = {
			isa = PBXGroup;
			children = (
				9FE1B0591D6946060013DCB1 /* StreamSavvyModels */,
				9FE1B0581D693DFF0013DCB1 /* Utility Belt */,
			);
			name = Model;
			sourceTree = "<group>";
		};
		9FE1B01F1D6922630013DCB1 /* Controller */ = {
			isa = PBXGroup;
			children = (
				9FE1B0571D693C060013DCB1 /* TableViewCells */,
				9FBC97821D6D31DB004B6182 /* Login */,
				9FE1B04E1D693B160013DCB1 /* PopularShowTableViewController.h */,
				9FE1B04F1D693B160013DCB1 /* PopularShowTableViewController.m */,
				9FBC97831D6D32CB004B6182 /* GuideTableViewController.h */,
				9FBC97841D6D32CB004B6182 /* GuideTableViewController.m */,
			);
			name = Controller;
			sourceTree = "<group>";
		};
		9FE1B04A1D69364F0013DCB1 /* TPKeyboardAvoid */ = {
			isa = PBXGroup;
			children = (
				9FE1B03B1D6936210013DCB1 /* TPKeyboardAvoidingScrollView.h */,
				9FE1B03C1D6936210013DCB1 /* TPKeyboardAvoidingScrollView.m */,
				9FE1B03D1D6936210013DCB1 /* UIScrollView+TPKeyboardAvoidingAdditions.h */,
				9FE1B03E1D6936210013DCB1 /* UIScrollView+TPKeyboardAvoidingAdditions.m */,
			);
			name = TPKeyboardAvoid;
			sourceTree = "<group>";
		};
		9FE1B0571D693C060013DCB1 /* TableViewCells */ = {
			isa = PBXGroup;
			children = (
				9FE1B0511D693BDC0013DCB1 /* TopGridTableViewCell.h */,
				9FE1B0521D693BDC0013DCB1 /* TopGridTableViewCell.m */,
				9FE1B0541D693BEB0013DCB1 /* RightGridTableViewCell.h */,
				9FE1B0551D693BEB0013DCB1 /* RightGridTableViewCell.m */,
			);
			name = TableViewCells;
			sourceTree = "<group>";
		};
		9FE1B0581D693DFF0013DCB1 /* Utility Belt */ = {
			isa = PBXGroup;
			children = (
				9FE1B04A1D69364F0013DCB1 /* TPKeyboardAvoid */,
				9FE1B0351D6936210013DCB1 /* AFAPIClient.h */,
				9FE1B0361D6936210013DCB1 /* AFAPIClient.m */,
				9FE1B0371D6936210013DCB1 /* Constants.h */,
				9FE1B0381D6936210013DCB1 /* Constants.m */,
				9FE1B03A1D6936210013DCB1 /* SDWebModel.h */,
				9FE1B0391D6936210013DCB1 /* SDWebModel.m */,
				9FE1B03F1D6936210013DCB1 /* UserLocation.h */,
				9FE1B0401D6936210013DCB1 /* UserLocation.m */,
				9FE1B0411D6936210013DCB1 /* UserPrefs.h */,
				9FE1B0421D6936210013DCB1 /* UserPrefs.m */,
			);
			name = "Utility Belt";
			sourceTree = "<group>";
		};
		9FE1B0591D6946060013DCB1 /* StreamSavvyModels */ = {
			isa = PBXGroup;
			children = (
				9FE1B05A1D6946410013DCB1 /* User.h */,
				9FE1B05B1D6946410013DCB1 /* User.m */,
				9FE1B05D1D6A5CAC0013DCB1 /* Media.h */,
				9FE1B05E1D6A5CAC0013DCB1 /* Media.m */,
				9FBC977F1D6BD742004B6182 /* PopularShow.h */,
				9FBC97801D6BD742004B6182 /* PopularShow.m */,
				9FBC977C1D6B97E1004B6182 /* Channel.h */,
				9FBC977D1D6B97E1004B6182 /* Channel.m */,
			);
			name = StreamSavvyModels;
			sourceTree = "<group>";
		};
		E502CC833A494C6559F7EB31 /* Pods */ = {
			isa = PBXGroup;
			children = (
				AD86C8E948DCA6039C21A703 /* Pods-Stream Savvy.debug.xcconfig */,
				B83CDA3621D095560B3C5333 /* Pods-Stream Savvy.release.xcconfig */,
			);
			name = Pods;
			sourceTree = "<group>";
		};
/* End PBXGroup section */

/* Begin PBXNativeTarget section */
		9F5A4D2E1D5AE1D70057AF6D /* Stream Savvy */ = {
			isa = PBXNativeTarget;
			buildConfigurationList = 9F5A4D5C1D5AE1D70057AF6D /* Build configuration list for PBXNativeTarget "Stream Savvy" */;
			buildPhases = (
				C8AF14014B13E23130FD0ECA /* Check Pods Manifest.lock */,
				9F5A4D2B1D5AE1D70057AF6D /* Sources */,
				9F5A4D2C1D5AE1D70057AF6D /* Frameworks */,
				9F5A4D2D1D5AE1D70057AF6D /* Resources */,
				23F3D9BC54315E8B1798605E /* Embed Pods Frameworks */,
				4AFF54319C73D72E4B4FBA61 /* Copy Pods Resources */,
			);
			buildRules = (
			);
			dependencies = (
			);
			name = "Stream Savvy";
			productName = "Stream Savvy";
			productReference = 9F5A4D2F1D5AE1D70057AF6D /* Stream Savvy.app */;
			productType = "com.apple.product-type.application";
		};
		9F5A4D471D5AE1D70057AF6D /* Stream SavvyTests */ = {
			isa = PBXNativeTarget;
			buildConfigurationList = 9F5A4D5F1D5AE1D70057AF6D /* Build configuration list for PBXNativeTarget "Stream SavvyTests" */;
			buildPhases = (
				9F5A4D441D5AE1D70057AF6D /* Sources */,
				9F5A4D451D5AE1D70057AF6D /* Frameworks */,
				9F5A4D461D5AE1D70057AF6D /* Resources */,
			);
			buildRules = (
			);
			dependencies = (
				9F5A4D4A1D5AE1D70057AF6D /* PBXTargetDependency */,
			);
			name = "Stream SavvyTests";
			productName = "Stream SavvyTests";
			productReference = 9F5A4D481D5AE1D70057AF6D /* Stream SavvyTests.xctest */;
			productType = "com.apple.product-type.bundle.unit-test";
		};
		9F5A4D521D5AE1D70057AF6D /* Stream SavvyUITests */ = {
			isa = PBXNativeTarget;
			buildConfigurationList = 9F5A4D621D5AE1D70057AF6D /* Build configuration list for PBXNativeTarget "Stream SavvyUITests" */;
			buildPhases = (
				9F5A4D4F1D5AE1D70057AF6D /* Sources */,
				9F5A4D501D5AE1D70057AF6D /* Frameworks */,
				9F5A4D511D5AE1D70057AF6D /* Resources */,
			);
			buildRules = (
			);
			dependencies = (
				9F5A4D551D5AE1D70057AF6D /* PBXTargetDependency */,
			);
			name = "Stream SavvyUITests";
			productName = "Stream SavvyUITests";
			productReference = 9F5A4D531D5AE1D70057AF6D /* Stream SavvyUITests.xctest */;
			productType = "com.apple.product-type.bundle.ui-testing";
		};
/* End PBXNativeTarget section */

/* Begin PBXProject section */
		9F5A4D271D5AE1D70057AF6D /* Project object */ = {
			isa = PBXProject;
			attributes = {
				LastUpgradeCheck = 0730;
				ORGANIZATIONNAME = "Stream Savvy";
				TargetAttributes = {
					9F5A4D2E1D5AE1D70057AF6D = {
						CreatedOnToolsVersion = 7.3;
					};
					9F5A4D471D5AE1D70057AF6D = {
						CreatedOnToolsVersion = 7.3;
						TestTargetID = 9F5A4D2E1D5AE1D70057AF6D;
					};
					9F5A4D521D5AE1D70057AF6D = {
						CreatedOnToolsVersion = 7.3;
						TestTargetID = 9F5A4D2E1D5AE1D70057AF6D;
					};
				};
			};
			buildConfigurationList = 9F5A4D2A1D5AE1D70057AF6D /* Build configuration list for PBXProject "Stream Savvy" */;
			compatibilityVersion = "Xcode 3.2";
			developmentRegion = English;
			hasScannedForEncodings = 0;
			knownRegions = (
				en,
				Base,
			);
			mainGroup = 9F5A4D261D5AE1D70057AF6D;
			productRefGroup = 9F5A4D301D5AE1D70057AF6D /* Products */;
			projectDirPath = "";
			projectRoot = "";
			targets = (
				9F5A4D2E1D5AE1D70057AF6D /* Stream Savvy */,
				9F5A4D471D5AE1D70057AF6D /* Stream SavvyTests */,
				9F5A4D521D5AE1D70057AF6D /* Stream SavvyUITests */,
			);
		};
/* End PBXProject section */

/* Begin PBXResourcesBuildPhase section */
		9F5A4D2D1D5AE1D70057AF6D /* Resources */ = {
			isa = PBXResourcesBuildPhase;
			buildActionMask = 2147483647;
			files = (
				9F5A4D421D5AE1D70057AF6D /* LaunchScreen.storyboard in Resources */,
				9F5A4D3F1D5AE1D70057AF6D /* Assets.xcassets in Resources */,
				9F5A4D3D1D5AE1D70057AF6D /* Main.storyboard in Resources */,
			);
			runOnlyForDeploymentPostprocessing = 0;
		};
		9F5A4D461D5AE1D70057AF6D /* Resources */ = {
			isa = PBXResourcesBuildPhase;
			buildActionMask = 2147483647;
			files = (
			);
			runOnlyForDeploymentPostprocessing = 0;
		};
		9F5A4D511D5AE1D70057AF6D /* Resources */ = {
			isa = PBXResourcesBuildPhase;
			buildActionMask = 2147483647;
			files = (
			);
			runOnlyForDeploymentPostprocessing = 0;
		};
/* End PBXResourcesBuildPhase section */

/* Begin PBXShellScriptBuildPhase section */
		23F3D9BC54315E8B1798605E /* Embed Pods Frameworks */ = {
			isa = PBXShellScriptBuildPhase;
			buildActionMask = 2147483647;
			files = (
			);
			inputPaths = (
			);
			name = "Embed Pods Frameworks";
			outputPaths = (
			);
			runOnlyForDeploymentPostprocessing = 0;
			shellPath = /bin/sh;
			shellScript = "\"${SRCROOT}/Pods/Target Support Files/Pods-Stream Savvy/Pods-Stream Savvy-frameworks.sh\"\n";
			showEnvVarsInLog = 0;
		};
		4AFF54319C73D72E4B4FBA61 /* Copy Pods Resources */ = {
			isa = PBXShellScriptBuildPhase;
			buildActionMask = 2147483647;
			files = (
			);
			inputPaths = (
			);
			name = "Copy Pods Resources";
			outputPaths = (
			);
			runOnlyForDeploymentPostprocessing = 0;
			shellPath = /bin/sh;
			shellScript = "\"${SRCROOT}/Pods/Target Support Files/Pods-Stream Savvy/Pods-Stream Savvy-resources.sh\"\n";
			showEnvVarsInLog = 0;
		};
		C8AF14014B13E23130FD0ECA /* Check Pods Manifest.lock */ = {
			isa = PBXShellScriptBuildPhase;
			buildActionMask = 2147483647;
			files = (
			);
			inputPaths = (
			);
			name = "Check Pods Manifest.lock";
			outputPaths = (
			);
			runOnlyForDeploymentPostprocessing = 0;
			shellPath = /bin/sh;
			shellScript = "diff \"${PODS_ROOT}/../Podfile.lock\" \"${PODS_ROOT}/Manifest.lock\" > /dev/null\nif [[ $? != 0 ]] ; then\n    cat << EOM\nerror: The sandbox is not in sync with the Podfile.lock. Run 'pod install' or update your CocoaPods installation.\nEOM\n    exit 1\nfi\n";
			showEnvVarsInLog = 0;
		};
/* End PBXShellScriptBuildPhase section */

/* Begin PBXSourcesBuildPhase section */
		9F5A4D2B1D5AE1D70057AF6D /* Sources */ = {
			isa = PBXSourcesBuildPhase;
			buildActionMask = 2147483647;
			files = (
				9FBC97851D6D32CB004B6182 /* GuideTableViewController.m in Sources */,
				9F5A4D371D5AE1D70057AF6D /* AppDelegate.m in Sources */,
				9FE1B0481D6936210013DCB1 /* UserLocation.m in Sources */,
				9FE1B0431D6936210013DCB1 /* AFAPIClient.m in Sources */,
				9F5A4D341D5AE1D70057AF6D /* main.m in Sources */,
				9FE1B04D1D693AE70013DCB1 /* LoginViewController.m in Sources */,
				9FE1B0471D6936210013DCB1 /* UIScrollView+TPKeyboardAvoidingAdditions.m in Sources */,
				9FE1B05F1D6A5CAC0013DCB1 /* Media.m in Sources */,
				9FE1B0531D693BDC0013DCB1 /* TopGridTableViewCell.m in Sources */,
				9FE1B0491D6936210013DCB1 /* UserPrefs.m in Sources */,
				9FE1B05C1D6946410013DCB1 /* User.m in Sources */,
				9FE1B0461D6936210013DCB1 /* TPKeyboardAvoidingScrollView.m in Sources */,
				9FE1B0501D693B160013DCB1 /* PopularShowTableViewController.m in Sources */,
				9FE1B0561D693BEB0013DCB1 /* RightGridTableViewCell.m in Sources */,
				9FBC977E1D6B97E1004B6182 /* Channel.m in Sources */,
				9FE1B0451D6936210013DCB1 /* SDWebModel.m in Sources */,
				9FBC97811D6BD742004B6182 /* PopularShow.m in Sources */,
				9FE1B0441D6936210013DCB1 /* Constants.m in Sources */,
			);
			runOnlyForDeploymentPostprocessing = 0;
		};
		9F5A4D441D5AE1D70057AF6D /* Sources */ = {
			isa = PBXSourcesBuildPhase;
			buildActionMask = 2147483647;
			files = (
				9F5A4D4D1D5AE1D70057AF6D /* Stream_SavvyTests.m in Sources */,
			);
			runOnlyForDeploymentPostprocessing = 0;
		};
		9F5A4D4F1D5AE1D70057AF6D /* Sources */ = {
			isa = PBXSourcesBuildPhase;
			buildActionMask = 2147483647;
			files = (
				9F5A4D581D5AE1D70057AF6D /* Stream_SavvyUITests.m in Sources */,
			);
			runOnlyForDeploymentPostprocessing = 0;
		};
/* End PBXSourcesBuildPhase section */

/* Begin PBXTargetDependency section */
		9F5A4D4A1D5AE1D70057AF6D /* PBXTargetDependency */ = {
			isa = PBXTargetDependency;
			target = 9F5A4D2E1D5AE1D70057AF6D /* Stream Savvy */;
			targetProxy = 9F5A4D491D5AE1D70057AF6D /* PBXContainerItemProxy */;
		};
		9F5A4D551D5AE1D70057AF6D /* PBXTargetDependency */ = {
			isa = PBXTargetDependency;
			target = 9F5A4D2E1D5AE1D70057AF6D /* Stream Savvy */;
			targetProxy = 9F5A4D541D5AE1D70057AF6D /* PBXContainerItemProxy */;
		};
/* End PBXTargetDependency section */

/* Begin PBXVariantGroup section */
		9F5A4D3B1D5AE1D70057AF6D /* Main.storyboard */ = {
			isa = PBXVariantGroup;
			children = (
				9F5A4D3C1D5AE1D70057AF6D /* Base */,
			);
			name = Main.storyboard;
			sourceTree = "<group>";
		};
		9F5A4D401D5AE1D70057AF6D /* LaunchScreen.storyboard */ = {
			isa = PBXVariantGroup;
			children = (
				9F5A4D411D5AE1D70057AF6D /* Base */,
			);
			name = LaunchScreen.storyboard;
			sourceTree = "<group>";
		};
/* End PBXVariantGroup section */

/* Begin XCBuildConfiguration section */
		9F5A4D5A1D5AE1D70057AF6D /* Debug */ = {
			isa = XCBuildConfiguration;
			buildSettings = {
				ALWAYS_SEARCH_USER_PATHS = NO;
				CLANG_ANALYZER_NONNULL = YES;
				CLANG_CXX_LANGUAGE_STANDARD = "gnu++0x";
				CLANG_CXX_LIBRARY = "libc++";
				CLANG_ENABLE_MODULES = YES;
				CLANG_ENABLE_OBJC_ARC = YES;
				CLANG_WARN_BOOL_CONVERSION = YES;
				CLANG_WARN_CONSTANT_CONVERSION = YES;
				CLANG_WARN_DIRECT_OBJC_ISA_USAGE = YES_ERROR;
				CLANG_WARN_EMPTY_BODY = YES;
				CLANG_WARN_ENUM_CONVERSION = YES;
				CLANG_WARN_INT_CONVERSION = YES;
				CLANG_WARN_OBJC_ROOT_CLASS = YES_ERROR;
				CLANG_WARN_UNREACHABLE_CODE = YES;
				CLANG_WARN__DUPLICATE_METHOD_MATCH = YES;
				"CODE_SIGN_IDENTITY[sdk=iphoneos*]" = "iPhone Developer";
				COPY_PHASE_STRIP = NO;
				DEBUG_INFORMATION_FORMAT = dwarf;
				ENABLE_STRICT_OBJC_MSGSEND = YES;
				ENABLE_TESTABILITY = YES;
				GCC_C_LANGUAGE_STANDARD = gnu99;
				GCC_DYNAMIC_NO_PIC = NO;
				GCC_NO_COMMON_BLOCKS = YES;
				GCC_OPTIMIZATION_LEVEL = 0;
				GCC_PREPROCESSOR_DEFINITIONS = (
					"DEBUG=1",
					"$(inherited)",
				);
				GCC_WARN_64_TO_32_BIT_CONVERSION = YES;
				GCC_WARN_ABOUT_RETURN_TYPE = YES_ERROR;
				GCC_WARN_UNDECLARED_SELECTOR = YES;
				GCC_WARN_UNINITIALIZED_AUTOS = YES_AGGRESSIVE;
				GCC_WARN_UNUSED_FUNCTION = YES;
				GCC_WARN_UNUSED_VARIABLE = YES;
				IPHONEOS_DEPLOYMENT_TARGET = 9.3;
				MTL_ENABLE_DEBUG_INFO = YES;
				ONLY_ACTIVE_ARCH = YES;
				SDKROOT = iphoneos;
				TARGETED_DEVICE_FAMILY = "1,2";
			};
			name = Debug;
		};
		9F5A4D5B1D5AE1D70057AF6D /* Release */ = {
			isa = XCBuildConfiguration;
			buildSettings = {
				ALWAYS_SEARCH_USER_PATHS = NO;
				CLANG_ANALYZER_NONNULL = YES;
				CLANG_CXX_LANGUAGE_STANDARD = "gnu++0x";
				CLANG_CXX_LIBRARY = "libc++";
				CLANG_ENABLE_MODULES = YES;
				CLANG_ENABLE_OBJC_ARC = YES;
				CLANG_WARN_BOOL_CONVERSION = YES;
				CLANG_WARN_CONSTANT_CONVERSION = YES;
				CLANG_WARN_DIRECT_OBJC_ISA_USAGE = YES_ERROR;
				CLANG_WARN_EMPTY_BODY = YES;
				CLANG_WARN_ENUM_CONVERSION = YES;
				CLANG_WARN_INT_CONVERSION = YES;
				CLANG_WARN_OBJC_ROOT_CLASS = YES_ERROR;
				CLANG_WARN_UNREACHABLE_CODE = YES;
				CLANG_WARN__DUPLICATE_METHOD_MATCH = YES;
				"CODE_SIGN_IDENTITY[sdk=iphoneos*]" = "iPhone Developer";
				COPY_PHASE_STRIP = NO;
				DEBUG_INFORMATION_FORMAT = "dwarf-with-dsym";
				ENABLE_NS_ASSERTIONS = NO;
				ENABLE_STRICT_OBJC_MSGSEND = YES;
				GCC_C_LANGUAGE_STANDARD = gnu99;
				GCC_NO_COMMON_BLOCKS = YES;
				GCC_WARN_64_TO_32_BIT_CONVERSION = YES;
				GCC_WARN_ABOUT_RETURN_TYPE = YES_ERROR;
				GCC_WARN_UNDECLARED_SELECTOR = YES;
				GCC_WARN_UNINITIALIZED_AUTOS = YES_AGGRESSIVE;
				GCC_WARN_UNUSED_FUNCTION = YES;
				GCC_WARN_UNUSED_VARIABLE = YES;
				IPHONEOS_DEPLOYMENT_TARGET = 9.3;
				MTL_ENABLE_DEBUG_INFO = NO;
				SDKROOT = iphoneos;
				TARGETED_DEVICE_FAMILY = "1,2";
				VALIDATE_PRODUCT = YES;
			};
			name = Release;
		};
		9F5A4D5D1D5AE1D70057AF6D /* Debug */ = {
			isa = XCBuildConfiguration;
			baseConfigurationReference = AD86C8E948DCA6039C21A703 /* Pods-Stream Savvy.debug.xcconfig */;
			buildSettings = {
				ASSETCATALOG_COMPILER_APPICON_NAME = AppIcon;
				INFOPLIST_FILE = "Stream Savvy/Info.plist";
				LD_RUNPATH_SEARCH_PATHS = "$(inherited) @executable_path/Frameworks";
				PRODUCT_BUNDLE_IDENTIFIER = "com.stream-savvy.Stream-Savvy";
				PRODUCT_NAME = "$(TARGET_NAME)";
			};
			name = Debug;
		};
		9F5A4D5E1D5AE1D70057AF6D /* Release */ = {
			isa = XCBuildConfiguration;
			baseConfigurationReference = B83CDA3621D095560B3C5333 /* Pods-Stream Savvy.release.xcconfig */;
			buildSettings = {
				ASSETCATALOG_COMPILER_APPICON_NAME = AppIcon;
				INFOPLIST_FILE = "Stream Savvy/Info.plist";
				LD_RUNPATH_SEARCH_PATHS = "$(inherited) @executable_path/Frameworks";
				PRODUCT_BUNDLE_IDENTIFIER = "com.stream-savvy.Stream-Savvy";
				PRODUCT_NAME = "$(TARGET_NAME)";
			};
			name = Release;
		};
		9F5A4D601D5AE1D70057AF6D /* Debug */ = {
			isa = XCBuildConfiguration;
			buildSettings = {
				BUNDLE_LOADER = "$(TEST_HOST)";
				INFOPLIST_FILE = "Stream SavvyTests/Info.plist";
				LD_RUNPATH_SEARCH_PATHS = "$(inherited) @executable_path/Frameworks @loader_path/Frameworks";
				PRODUCT_BUNDLE_IDENTIFIER = "com.stream-savvy.Stream-SavvyTests";
				PRODUCT_NAME = "$(TARGET_NAME)";
				TEST_HOST = "$(BUILT_PRODUCTS_DIR)/Stream Savvy.app/Stream Savvy";
			};
			name = Debug;
		};
		9F5A4D611D5AE1D70057AF6D /* Release */ = {
			isa = XCBuildConfiguration;
			buildSettings = {
				BUNDLE_LOADER = "$(TEST_HOST)";
				INFOPLIST_FILE = "Stream SavvyTests/Info.plist";
				LD_RUNPATH_SEARCH_PATHS = "$(inherited) @executable_path/Frameworks @loader_path/Frameworks";
				PRODUCT_BUNDLE_IDENTIFIER = "com.stream-savvy.Stream-SavvyTests";
				PRODUCT_NAME = "$(TARGET_NAME)";
				TEST_HOST = "$(BUILT_PRODUCTS_DIR)/Stream Savvy.app/Stream Savvy";
			};
			name = Release;
		};
		9F5A4D631D5AE1D70057AF6D /* Debug */ = {
			isa = XCBuildConfiguration;
			buildSettings = {
				INFOPLIST_FILE = "Stream SavvyUITests/Info.plist";
				LD_RUNPATH_SEARCH_PATHS = "$(inherited) @executable_path/Frameworks @loader_path/Frameworks";
				PRODUCT_BUNDLE_IDENTIFIER = "com.stream-savvy.Stream-SavvyUITests";
				PRODUCT_NAME = "$(TARGET_NAME)";
				TEST_TARGET_NAME = "Stream Savvy";
			};
			name = Debug;
		};
		9F5A4D641D5AE1D70057AF6D /* Release */ = {
			isa = XCBuildConfiguration;
			buildSettings = {
				INFOPLIST_FILE = "Stream SavvyUITests/Info.plist";
				LD_RUNPATH_SEARCH_PATHS = "$(inherited) @executable_path/Frameworks @loader_path/Frameworks";
				PRODUCT_BUNDLE_IDENTIFIER = "com.stream-savvy.Stream-SavvyUITests";
				PRODUCT_NAME = "$(TARGET_NAME)";
				TEST_TARGET_NAME = "Stream Savvy";
			};
			name = Release;
		};
/* End XCBuildConfiguration section */

/* Begin XCConfigurationList section */
		9F5A4D2A1D5AE1D70057AF6D /* Build configuration list for PBXProject "Stream Savvy" */ = {
			isa = XCConfigurationList;
			buildConfigurations = (
				9F5A4D5A1D5AE1D70057AF6D /* Debug */,
				9F5A4D5B1D5AE1D70057AF6D /* Release */,
			);
			defaultConfigurationIsVisible = 0;
			defaultConfigurationName = Release;
		};
		9F5A4D5C1D5AE1D70057AF6D /* Build configuration list for PBXNativeTarget "Stream Savvy" */ = {
			isa = XCConfigurationList;
			buildConfigurations = (
				9F5A4D5D1D5AE1D70057AF6D /* Debug */,
				9F5A4D5E1D5AE1D70057AF6D /* Release */,
			);
			defaultConfigurationIsVisible = 0;
			defaultConfigurationName = Release;
		};
		9F5A4D5F1D5AE1D70057AF6D /* Build configuration list for PBXNativeTarget "Stream SavvyTests" */ = {
			isa = XCConfigurationList;
			buildConfigurations = (
				9F5A4D601D5AE1D70057AF6D /* Debug */,
				9F5A4D611D5AE1D70057AF6D /* Release */,
			);
			defaultConfigurationIsVisible = 0;
			defaultConfigurationName = Release;
		};
		9F5A4D621D5AE1D70057AF6D /* Build configuration list for PBXNativeTarget "Stream SavvyUITests" */ = {
			isa = XCConfigurationList;
			buildConfigurations = (
				9F5A4D631D5AE1D70057AF6D /* Debug */,
				9F5A4D641D5AE1D70057AF6D /* Release */,
			);
			defaultConfigurationIsVisible = 0;
			defaultConfigurationName = Release;
		};
/* End XCConfigurationList section */
	};
	rootObject = 9F5A4D271D5AE1D70057AF6D /* Project object */;
}
